// !$*UTF8*$!
{
	archiveVersion = 1;
	classes = {
	};
	objectVersion = 55;
	objects = {

/* Begin PBXBuildFile section */
		D109327427A03FC100B4818F /* SelectedUserViewModel.swift in Sources */ = {isa = PBXBuildFile; fileRef = D109327327A03FC100B4818F /* SelectedUserViewModel.swift */; };
		D10BF78B279D54070038EA72 /* ChatLogAdminView.swift in Sources */ = {isa = PBXBuildFile; fileRef = D10BF78A279D54070038EA72 /* ChatLogAdminView.swift */; };
		D10BF78D279D55050038EA72 /* MessageView.swift in Sources */ = {isa = PBXBuildFile; fileRef = D10BF78C279D55050038EA72 /* MessageView.swift */; };
		D116C3D7279B5FA6001CC51E /* FirebaseAdminService.swift in Sources */ = {isa = PBXBuildFile; fileRef = D116C3D6279B5FA6001CC51E /* FirebaseAdminService.swift */; };
		D12576CD27971A7600DC6BA3 /* PhotoPickerView.swift in Sources */ = {isa = PBXBuildFile; fileRef = D12576CC27971A7600DC6BA3 /* PhotoPickerView.swift */; };
		D12576CF2797215500DC6BA3 /* ImagePicker.swift in Sources */ = {isa = PBXBuildFile; fileRef = D12576CE2797215500DC6BA3 /* ImagePicker.swift */; };
		D13A887A27A13CD800F606C3 /* Location.swift in Sources */ = {isa = PBXBuildFile; fileRef = D13A887927A13CD800F606C3 /* Location.swift */; };
		D13A887D27A1439B00F606C3 /* MapViewModel.swift in Sources */ = {isa = PBXBuildFile; fileRef = D13A887C27A1439A00F606C3 /* MapViewModel.swift */; };
		D13A888027A1553300F606C3 /* PlaceAnnotationView.swift in Sources */ = {isa = PBXBuildFile; fileRef = D13A887F27A1553300F606C3 /* PlaceAnnotationView.swift */; };
		D13A888227A192A000F606C3 /* FakePreviewData.swift in Sources */ = {isa = PBXBuildFile; fileRef = D13A888127A192A000F606C3 /* FakePreviewData.swift */; };
		D13A888527A1933500F606C3 /* EventForm.swift in Sources */ = {isa = PBXBuildFile; fileRef = D13A888427A1933500F606C3 /* EventForm.swift */; };
		D1428DF02792E38A00269B0C /* RegisterView.swift in Sources */ = {isa = PBXBuildFile; fileRef = D1428DEF2792E38A00269B0C /* RegisterView.swift */; };
		D1442407279FFFFB00DD82F2 /* MainMessageAdminView2.swift in Sources */ = {isa = PBXBuildFile; fileRef = D1442406279FFFFA00DD82F2 /* MainMessageAdminView2.swift */; };
		D14B897627902C75005FC4F0 /* Next_GaymerApp.swift in Sources */ = {isa = PBXBuildFile; fileRef = D14B897527902C75005FC4F0 /* Next_GaymerApp.swift */; };
		D14B897A27902C76005FC4F0 /* Assets.xcassets in Resources */ = {isa = PBXBuildFile; fileRef = D14B897927902C76005FC4F0 /* Assets.xcassets */; };
		D14B897D27902C76005FC4F0 /* Preview Assets.xcassets in Resources */ = {isa = PBXBuildFile; fileRef = D14B897C27902C76005FC4F0 /* Preview Assets.xcassets */; };
		D14B898C2790307F005FC4F0 /* RegisterView2.swift in Sources */ = {isa = PBXBuildFile; fileRef = D14B898B2790307F005FC4F0 /* RegisterView2.swift */; };
		D14B898E2790308A005FC4F0 /* LoginView.swift in Sources */ = {isa = PBXBuildFile; fileRef = D14B898D2790308A005FC4F0 /* LoginView.swift */; };
		D14B8990279032AF005FC4F0 /* ViewRouter.swift in Sources */ = {isa = PBXBuildFile; fileRef = D14B898F279032AF005FC4F0 /* ViewRouter.swift */; };
		D1622F0A2796058E00F6B461 /* CircleBackgroundView.swift in Sources */ = {isa = PBXBuildFile; fileRef = D1622F092796058E00F6B461 /* CircleBackgroundView.swift */; };
		D1622F0C279617C700F6B461 /* ProfileView.swift in Sources */ = {isa = PBXBuildFile; fileRef = D1622F0B279617C500F6B461 /* ProfileView.swift */; };
		D17C1A452790C64C00EF0633 /* GoogleService-Info.plist in Resources */ = {isa = PBXBuildFile; fileRef = D17C1A442790C64B00EF0633 /* GoogleService-Info.plist */; };
		D18BD6B9279DB4840059561B /* Launchscreen.storyboard in Resources */ = {isa = PBXBuildFile; fileRef = D18BD6B8279DB4830059561B /* Launchscreen.storyboard */; };
		D19B0BEB2795C269000C059C /* HomepageView.swift in Sources */ = {isa = PBXBuildFile; fileRef = D19B0BEA2795C268000C059C /* HomepageView.swift */; };
		D19B0BED2795C4D8000C059C /* CustomTabBar.swift in Sources */ = {isa = PBXBuildFile; fileRef = D19B0BEC2795C4D8000C059C /* CustomTabBar.swift */; };
		D19B0BF62795DFCB000C059C /* TapButtonView.swift in Sources */ = {isa = PBXBuildFile; fileRef = D19B0BF52795DFCB000C059C /* TapButtonView.swift */; };
		D19B0BF92795E16C000C059C /* CustomTabBarViewModel.swift in Sources */ = {isa = PBXBuildFile; fileRef = D19B0BF82795E16C000C059C /* CustomTabBarViewModel.swift */; };
		D1AE62302796C0A300FDFAAC /* TabBarRouter.swift in Sources */ = {isa = PBXBuildFile; fileRef = D1AE622F2796C0A300FDFAAC /* TabBarRouter.swift */; };
		D1B3DB2F279214790075A0F7 /* ResetPasswordViewModel.swift in Sources */ = {isa = PBXBuildFile; fileRef = D1B3DB2E279214780075A0F7 /* ResetPasswordViewModel.swift */; };
		D1B3DB31279216F20075A0F7 /* ResetPasswordView.swift in Sources */ = {isa = PBXBuildFile; fileRef = D1B3DB30279216F20075A0F7 /* ResetPasswordView.swift */; };
		D1B3DB3327921DFF0075A0F7 /* EmailView.swift in Sources */ = {isa = PBXBuildFile; fileRef = D1B3DB3227921DFF0075A0F7 /* EmailView.swift */; };
		D1BF606927906DA300F22AAF /* RegisterCredentials.swift in Sources */ = {isa = PBXBuildFile; fileRef = D1BF606827906DA300F22AAF /* RegisterCredentials.swift */; };
		D1BF606B279071AA00F22AAF /* LogoView.swift in Sources */ = {isa = PBXBuildFile; fileRef = D1BF606A279071A900F22AAF /* LogoView.swift */; };
		D1BF606D2790786B00F22AAF /* LoginCredentials.swift in Sources */ = {isa = PBXBuildFile; fileRef = D1BF606C2790786B00F22AAF /* LoginCredentials.swift */; };
		D1BF606F27908A7100F22AAF /* ButtonTextView.swift in Sources */ = {isa = PBXBuildFile; fileRef = D1BF606E27908A7100F22AAF /* ButtonTextView.swift */; };
		D1BF60762790A19A00F22AAF /* GoogleSignIn in Frameworks */ = {isa = PBXBuildFile; productRef = D1BF60752790A19A00F22AAF /* GoogleSignIn */; };
		D1BF607D2790BE8E00F22AAF /* LoginViewModel.swift in Sources */ = {isa = PBXBuildFile; fileRef = D1BF607C2790BE8D00F22AAF /* LoginViewModel.swift */; };
		D1BFA196279EF90200FF0B47 /* EventCreationAdminView.swift in Sources */ = {isa = PBXBuildFile; fileRef = D1BFA195279EF90200FF0B47 /* EventCreationAdminView.swift */; };
		D1BFA198279EFA9000FF0B47 /* EventListAdminView.swift in Sources */ = {isa = PBXBuildFile; fileRef = D1BFA197279EFA9000FF0B47 /* EventListAdminView.swift */; };
		D1BFA19C279EFD1B00FF0B47 /* MapView.swift in Sources */ = {isa = PBXBuildFile; fileRef = D1BFA19B279EFD1B00FF0B47 /* MapView.swift */; };
		D1BFA19F279EFDC200FF0B47 /* HelpPageView.swift in Sources */ = {isa = PBXBuildFile; fileRef = D1BFA19E279EFDC200FF0B47 /* HelpPageView.swift */; };
		D1BFA1A2279EFF0500FF0B47 /* MainAdminView.swift in Sources */ = {isa = PBXBuildFile; fileRef = D1BFA1A1279EFF0400FF0B47 /* MainAdminView.swift */; };
		D1BFA1A4279F029100FF0B47 /* TabBarUserView.swift in Sources */ = {isa = PBXBuildFile; fileRef = D1BFA1A3279F029100FF0B47 /* TabBarUserView.swift */; };
		D1C46FCE279B084400833440 /* StringConstant.swift in Sources */ = {isa = PBXBuildFile; fileRef = D1C46FCD279B084400833440 /* StringConstant.swift */; };
		D1C46FD1279B15C700833440 /* SDWebImageSwiftUI in Frameworks */ = {isa = PBXBuildFile; productRef = D1C46FD0279B15C700833440 /* SDWebImageSwiftUI */; };
		D1C46FD3279B1EB200833440 /* UserForm.swift in Sources */ = {isa = PBXBuildFile; fileRef = D1C46FD2279B1EB200833440 /* UserForm.swift */; };
		D1C46FD5279B1EC100833440 /* UserRegistered.swift in Sources */ = {isa = PBXBuildFile; fileRef = D1C46FD4279B1EC100833440 /* UserRegistered.swift */; };
		D1CACA6A27A45D86002D56A7 /* FirebaseFunctions in Frameworks */ = {isa = PBXBuildFile; productRef = D1CACA6927A45D86002D56A7 /* FirebaseFunctions */; };
		D1D6678927A2925200B1E720 /* FirebaseEventServices.swift in Sources */ = {isa = PBXBuildFile; fileRef = D1D6678827A2925200B1E720 /* FirebaseEventServices.swift */; };
		D1D6678C27A29D6300B1E720 /* EventRegistered.swift in Sources */ = {isa = PBXBuildFile; fileRef = D1D6678B27A29D6200B1E720 /* EventRegistered.swift */; };
		D1D6678E27A2A09000B1E720 /* RequestStatus.swift in Sources */ = {isa = PBXBuildFile; fileRef = D1D6678D27A2A09000B1E720 /* RequestStatus.swift */; };
		D1D66C60279C05EB00EEC95E /* CurrentUserViewModel.swift in Sources */ = {isa = PBXBuildFile; fileRef = D1D66C5F279C05EB00EEC95E /* CurrentUserViewModel.swift */; };
		D1D66C64279C123E00EEC95E /* UserMainView.swift in Sources */ = {isa = PBXBuildFile; fileRef = D1D66C63279C123E00EEC95E /* UserMainView.swift */; };
		D1D66C66279C124900EEC95E /* TabBarAdminView.swift in Sources */ = {isa = PBXBuildFile; fileRef = D1D66C65279C124900EEC95E /* TabBarAdminView.swift */; };
		D1D66C68279C159600EEC95E /* UsersAdminView.swift in Sources */ = {isa = PBXBuildFile; fileRef = D1D66C67279C159600EEC95E /* UsersAdminView.swift */; };
		D1D66C6A279C1B7E00EEC95E /* UsersAdminViewModel.swift in Sources */ = {isa = PBXBuildFile; fileRef = D1D66C69279C1B7E00EEC95E /* UsersAdminViewModel.swift */; };
		D1D66C6C279C1CF700EEC95E /* UserDetails.swift in Sources */ = {isa = PBXBuildFile; fileRef = D1D66C6B279C1CF700EEC95E /* UserDetails.swift */; };
		D1D66C6E279C5E3000EEC95E /* UserDetailsAdminView.swift in Sources */ = {isa = PBXBuildFile; fileRef = D1D66C6D279C5E3000EEC95E /* UserDetailsAdminView.swift */; };
		D1D66C70279C600A00EEC95E /* CredentialSwitcherView.swift in Sources */ = {isa = PBXBuildFile; fileRef = D1D66C6F279C600A00EEC95E /* CredentialSwitcherView.swift */; };
		D1D66C73279C6E8800EEC95E /* ChatLogAdminViewModel.swift in Sources */ = {isa = PBXBuildFile; fileRef = D1D66C72279C6E8800EEC95E /* ChatLogAdminViewModel.swift */; };
		D1D66C76279C6EDE00EEC95E /* ChatMessage.swift in Sources */ = {isa = PBXBuildFile; fileRef = D1D66C75279C6EDE00EEC95E /* ChatMessage.swift */; };
		D1D66C78279C6F7900EEC95E /* FirebaseChatServices.swift in Sources */ = {isa = PBXBuildFile; fileRef = D1D66C77279C6F7900EEC95E /* FirebaseChatServices.swift */; };
		D1D66C7A279C866900EEC95E /* RecentMessage.swift in Sources */ = {isa = PBXBuildFile; fileRef = D1D66C79279C866900EEC95E /* RecentMessage.swift */; };
		D1DA3902279E9BB600A571E2 /* MainMessagesAdminViewModel.swift in Sources */ = {isa = PBXBuildFile; fileRef = D1DA3901279E9BB600A571E2 /* MainMessagesAdminViewModel.swift */; };
		D1DA3904279EA01700A571E2 /* MainMessageAdminView.swift in Sources */ = {isa = PBXBuildFile; fileRef = D1DA3903279EA01700A571E2 /* MainMessageAdminView.swift */; };
		D1EB16DA279DBF240043624F /* FirebaseAuth in Frameworks */ = {isa = PBXBuildFile; productRef = D1EB16D9279DBF240043624F /* FirebaseAuth */; };
		D1EB16DC279DBF240043624F /* FirebaseFirestore in Frameworks */ = {isa = PBXBuildFile; productRef = D1EB16DB279DBF240043624F /* FirebaseFirestore */; };
		D1EB16DE279DBF240043624F /* FirebaseFirestoreSwift-Beta in Frameworks */ = {isa = PBXBuildFile; productRef = D1EB16DD279DBF240043624F /* FirebaseFirestoreSwift-Beta */; };
		D1EB16E0279DBF240043624F /* FirebaseStorage in Frameworks */ = {isa = PBXBuildFile; productRef = D1EB16DF279DBF240043624F /* FirebaseStorage */; };
		D1EB16E2279DBF240043624F /* FirebaseStorageSwift-Beta in Frameworks */ = {isa = PBXBuildFile; productRef = D1EB16E1279DBF240043624F /* FirebaseStorageSwift-Beta */; };
		D1EB16E4279DF64C0043624F /* UsersListAdminView2.swift in Sources */ = {isa = PBXBuildFile; fileRef = D1EB16E3279DF64C0043624F /* UsersListAdminView2.swift */; };
		D1EB16E8279E04480043624F /* UserDetailsAdminViewModel.swift in Sources */ = {isa = PBXBuildFile; fileRef = D1EB16E7279E04480043624F /* UserDetailsAdminViewModel.swift */; };
		D1F555BD2791CA130005555A /* FirebaseUserService.swift in Sources */ = {isa = PBXBuildFile; fileRef = D1F555BC2791CA130005555A /* FirebaseUserService.swift */; };
		D1F555C12791CE9E0005555A /* DataManager.swift in Sources */ = {isa = PBXBuildFile; fileRef = D1F555C02791CE9E0005555A /* DataManager.swift */; };
		D1F555C32791DAEC0005555A /* MotherView.swift in Sources */ = {isa = PBXBuildFile; fileRef = D1F555C22791DAEB0005555A /* MotherView.swift */; };
		D1F555C52791DECE0005555A /* RegisterViewModel.swift in Sources */ = {isa = PBXBuildFile; fileRef = D1F555C42791DECE0005555A /* RegisterViewModel.swift */; };
		D1F555C72791EF7E0005555A /* View Extension.swift in Sources */ = {isa = PBXBuildFile; fileRef = D1F555C62791EF7D0005555A /* View Extension.swift */; };
		D1F555C92791F4460005555A /* LogoutViewModel.swift in Sources */ = {isa = PBXBuildFile; fileRef = D1F555C82791F4450005555A /* LogoutViewModel.swift */; };
/* End PBXBuildFile section */

/* Begin PBXFileReference section */
		D109327327A03FC100B4818F /* SelectedUserViewModel.swift */ = {isa = PBXFileReference; lastKnownFileType = sourcecode.swift; path = SelectedUserViewModel.swift; sourceTree = "<group>"; };
		D10BF78A279D54070038EA72 /* ChatLogAdminView.swift */ = {isa = PBXFileReference; lastKnownFileType = sourcecode.swift; path = ChatLogAdminView.swift; sourceTree = "<group>"; };
		D10BF78C279D55050038EA72 /* MessageView.swift */ = {isa = PBXFileReference; lastKnownFileType = sourcecode.swift; path = MessageView.swift; sourceTree = "<group>"; };
		D116C3D6279B5FA6001CC51E /* FirebaseAdminService.swift */ = {isa = PBXFileReference; lastKnownFileType = sourcecode.swift; path = FirebaseAdminService.swift; sourceTree = "<group>"; };
		D12576CC27971A7600DC6BA3 /* PhotoPickerView.swift */ = {isa = PBXFileReference; lastKnownFileType = sourcecode.swift; path = PhotoPickerView.swift; sourceTree = "<group>"; };
		D12576CE2797215500DC6BA3 /* ImagePicker.swift */ = {isa = PBXFileReference; lastKnownFileType = sourcecode.swift; path = ImagePicker.swift; sourceTree = "<group>"; };
		D13A887927A13CD800F606C3 /* Location.swift */ = {isa = PBXFileReference; lastKnownFileType = sourcecode.swift; path = Location.swift; sourceTree = "<group>"; };
		D13A887C27A1439A00F606C3 /* MapViewModel.swift */ = {isa = PBXFileReference; lastKnownFileType = sourcecode.swift; path = MapViewModel.swift; sourceTree = "<group>"; };
		D13A887F27A1553300F606C3 /* PlaceAnnotationView.swift */ = {isa = PBXFileReference; lastKnownFileType = sourcecode.swift; path = PlaceAnnotationView.swift; sourceTree = "<group>"; };
		D13A888127A192A000F606C3 /* FakePreviewData.swift */ = {isa = PBXFileReference; lastKnownFileType = sourcecode.swift; path = FakePreviewData.swift; sourceTree = "<group>"; };
		D13A888427A1933500F606C3 /* EventForm.swift */ = {isa = PBXFileReference; lastKnownFileType = sourcecode.swift; path = EventForm.swift; sourceTree = "<group>"; };
		D1428DEF2792E38A00269B0C /* RegisterView.swift */ = {isa = PBXFileReference; lastKnownFileType = sourcecode.swift; path = RegisterView.swift; sourceTree = "<group>"; };
		D1442406279FFFFA00DD82F2 /* MainMessageAdminView2.swift */ = {isa = PBXFileReference; lastKnownFileType = sourcecode.swift; path = MainMessageAdminView2.swift; sourceTree = "<group>"; };
		D14B897227902C75005FC4F0 /* Next Gaymer.app */ = {isa = PBXFileReference; explicitFileType = wrapper.application; includeInIndex = 0; path = "Next Gaymer.app"; sourceTree = BUILT_PRODUCTS_DIR; };
		D14B897527902C75005FC4F0 /* Next_GaymerApp.swift */ = {isa = PBXFileReference; lastKnownFileType = sourcecode.swift; path = Next_GaymerApp.swift; sourceTree = "<group>"; };
		D14B897927902C76005FC4F0 /* Assets.xcassets */ = {isa = PBXFileReference; lastKnownFileType = folder.assetcatalog; path = Assets.xcassets; sourceTree = "<group>"; };
		D14B897C27902C76005FC4F0 /* Preview Assets.xcassets */ = {isa = PBXFileReference; lastKnownFileType = folder.assetcatalog; path = "Preview Assets.xcassets"; sourceTree = "<group>"; };
		D14B898B2790307F005FC4F0 /* RegisterView2.swift */ = {isa = PBXFileReference; lastKnownFileType = sourcecode.swift; path = RegisterView2.swift; sourceTree = "<group>"; };
		D14B898D2790308A005FC4F0 /* LoginView.swift */ = {isa = PBXFileReference; lastKnownFileType = sourcecode.swift; path = LoginView.swift; sourceTree = "<group>"; };
		D14B898F279032AF005FC4F0 /* ViewRouter.swift */ = {isa = PBXFileReference; lastKnownFileType = sourcecode.swift; path = ViewRouter.swift; sourceTree = "<group>"; };
		D1622F092796058E00F6B461 /* CircleBackgroundView.swift */ = {isa = PBXFileReference; lastKnownFileType = sourcecode.swift; path = CircleBackgroundView.swift; sourceTree = "<group>"; };
		D1622F0B279617C500F6B461 /* ProfileView.swift */ = {isa = PBXFileReference; lastKnownFileType = sourcecode.swift; path = ProfileView.swift; sourceTree = "<group>"; };
		D17C1A442790C64B00EF0633 /* GoogleService-Info.plist */ = {isa = PBXFileReference; lastKnownFileType = text.plist; path = "GoogleService-Info.plist"; sourceTree = SOURCE_ROOT; };
		D18BD6B8279DB4830059561B /* Launchscreen.storyboard */ = {isa = PBXFileReference; lastKnownFileType = file.storyboard; path = Launchscreen.storyboard; sourceTree = "<group>"; };
		D19B0BEA2795C268000C059C /* HomepageView.swift */ = {isa = PBXFileReference; lastKnownFileType = sourcecode.swift; path = HomepageView.swift; sourceTree = "<group>"; };
		D19B0BEC2795C4D8000C059C /* CustomTabBar.swift */ = {isa = PBXFileReference; lastKnownFileType = sourcecode.swift; path = CustomTabBar.swift; sourceTree = "<group>"; };
		D19B0BF52795DFCB000C059C /* TapButtonView.swift */ = {isa = PBXFileReference; lastKnownFileType = sourcecode.swift; path = TapButtonView.swift; sourceTree = "<group>"; };
		D19B0BF82795E16C000C059C /* CustomTabBarViewModel.swift */ = {isa = PBXFileReference; lastKnownFileType = sourcecode.swift; path = CustomTabBarViewModel.swift; sourceTree = "<group>"; };
		D1AE622F2796C0A300FDFAAC /* TabBarRouter.swift */ = {isa = PBXFileReference; lastKnownFileType = sourcecode.swift; path = TabBarRouter.swift; sourceTree = "<group>"; };
		D1B3DB2E279214780075A0F7 /* ResetPasswordViewModel.swift */ = {isa = PBXFileReference; lastKnownFileType = sourcecode.swift; path = ResetPasswordViewModel.swift; sourceTree = "<group>"; };
		D1B3DB30279216F20075A0F7 /* ResetPasswordView.swift */ = {isa = PBXFileReference; lastKnownFileType = sourcecode.swift; path = ResetPasswordView.swift; sourceTree = "<group>"; };
		D1B3DB3227921DFF0075A0F7 /* EmailView.swift */ = {isa = PBXFileReference; lastKnownFileType = sourcecode.swift; path = EmailView.swift; sourceTree = "<group>"; };
		D1BF606827906DA300F22AAF /* RegisterCredentials.swift */ = {isa = PBXFileReference; lastKnownFileType = sourcecode.swift; path = RegisterCredentials.swift; sourceTree = "<group>"; };
		D1BF606A279071A900F22AAF /* LogoView.swift */ = {isa = PBXFileReference; lastKnownFileType = sourcecode.swift; path = LogoView.swift; sourceTree = "<group>"; };
		D1BF606C2790786B00F22AAF /* LoginCredentials.swift */ = {isa = PBXFileReference; lastKnownFileType = sourcecode.swift; path = LoginCredentials.swift; sourceTree = "<group>"; };
		D1BF606E27908A7100F22AAF /* ButtonTextView.swift */ = {isa = PBXFileReference; lastKnownFileType = sourcecode.swift; path = ButtonTextView.swift; sourceTree = "<group>"; };
		D1BF607A2790A2B700F22AAF /* Next-Gaymer-Info.plist */ = {isa = PBXFileReference; lastKnownFileType = text.plist; path = "Next-Gaymer-Info.plist"; sourceTree = SOURCE_ROOT; };
		D1BF607C2790BE8D00F22AAF /* LoginViewModel.swift */ = {isa = PBXFileReference; lastKnownFileType = sourcecode.swift; path = LoginViewModel.swift; sourceTree = "<group>"; };
		D1BFA195279EF90200FF0B47 /* EventCreationAdminView.swift */ = {isa = PBXFileReference; lastKnownFileType = sourcecode.swift; path = EventCreationAdminView.swift; sourceTree = "<group>"; };
		D1BFA197279EFA9000FF0B47 /* EventListAdminView.swift */ = {isa = PBXFileReference; lastKnownFileType = sourcecode.swift; path = EventListAdminView.swift; sourceTree = "<group>"; };
		D1BFA19B279EFD1B00FF0B47 /* MapView.swift */ = {isa = PBXFileReference; lastKnownFileType = sourcecode.swift; path = MapView.swift; sourceTree = "<group>"; };
		D1BFA19E279EFDC200FF0B47 /* HelpPageView.swift */ = {isa = PBXFileReference; lastKnownFileType = sourcecode.swift; path = HelpPageView.swift; sourceTree = "<group>"; };
		D1BFA1A1279EFF0400FF0B47 /* MainAdminView.swift */ = {isa = PBXFileReference; lastKnownFileType = sourcecode.swift; path = MainAdminView.swift; sourceTree = "<group>"; };
		D1BFA1A3279F029100FF0B47 /* TabBarUserView.swift */ = {isa = PBXFileReference; lastKnownFileType = sourcecode.swift; path = TabBarUserView.swift; sourceTree = "<group>"; };
		D1C46FCD279B084400833440 /* StringConstant.swift */ = {isa = PBXFileReference; lastKnownFileType = sourcecode.swift; path = StringConstant.swift; sourceTree = "<group>"; };
		D1C46FD2279B1EB200833440 /* UserForm.swift */ = {isa = PBXFileReference; lastKnownFileType = sourcecode.swift; path = UserForm.swift; sourceTree = "<group>"; };
		D1C46FD4279B1EC100833440 /* UserRegistered.swift */ = {isa = PBXFileReference; lastKnownFileType = sourcecode.swift; path = UserRegistered.swift; sourceTree = "<group>"; };
		D1D6678827A2925200B1E720 /* FirebaseEventServices.swift */ = {isa = PBXFileReference; lastKnownFileType = sourcecode.swift; path = FirebaseEventServices.swift; sourceTree = "<group>"; };
		D1D6678B27A29D6200B1E720 /* EventRegistered.swift */ = {isa = PBXFileReference; lastKnownFileType = sourcecode.swift; path = EventRegistered.swift; sourceTree = "<group>"; };
		D1D6678D27A2A09000B1E720 /* RequestStatus.swift */ = {isa = PBXFileReference; lastKnownFileType = sourcecode.swift; path = RequestStatus.swift; sourceTree = "<group>"; };
		D1D66C5F279C05EB00EEC95E /* CurrentUserViewModel.swift */ = {isa = PBXFileReference; lastKnownFileType = sourcecode.swift; path = CurrentUserViewModel.swift; sourceTree = "<group>"; };
		D1D66C63279C123E00EEC95E /* UserMainView.swift */ = {isa = PBXFileReference; lastKnownFileType = sourcecode.swift; path = UserMainView.swift; sourceTree = "<group>"; };
		D1D66C65279C124900EEC95E /* TabBarAdminView.swift */ = {isa = PBXFileReference; lastKnownFileType = sourcecode.swift; path = TabBarAdminView.swift; sourceTree = "<group>"; };
		D1D66C67279C159600EEC95E /* UsersAdminView.swift */ = {isa = PBXFileReference; lastKnownFileType = sourcecode.swift; path = UsersAdminView.swift; sourceTree = "<group>"; };
		D1D66C69279C1B7E00EEC95E /* UsersAdminViewModel.swift */ = {isa = PBXFileReference; lastKnownFileType = sourcecode.swift; path = UsersAdminViewModel.swift; sourceTree = "<group>"; };
		D1D66C6B279C1CF700EEC95E /* UserDetails.swift */ = {isa = PBXFileReference; lastKnownFileType = sourcecode.swift; path = UserDetails.swift; sourceTree = "<group>"; };
		D1D66C6D279C5E3000EEC95E /* UserDetailsAdminView.swift */ = {isa = PBXFileReference; lastKnownFileType = sourcecode.swift; path = UserDetailsAdminView.swift; sourceTree = "<group>"; };
		D1D66C6F279C600A00EEC95E /* CredentialSwitcherView.swift */ = {isa = PBXFileReference; lastKnownFileType = sourcecode.swift; path = CredentialSwitcherView.swift; sourceTree = "<group>"; };
		D1D66C72279C6E8800EEC95E /* ChatLogAdminViewModel.swift */ = {isa = PBXFileReference; lastKnownFileType = sourcecode.swift; path = ChatLogAdminViewModel.swift; sourceTree = "<group>"; };
		D1D66C75279C6EDE00EEC95E /* ChatMessage.swift */ = {isa = PBXFileReference; lastKnownFileType = sourcecode.swift; path = ChatMessage.swift; sourceTree = "<group>"; };
		D1D66C77279C6F7900EEC95E /* FirebaseChatServices.swift */ = {isa = PBXFileReference; lastKnownFileType = sourcecode.swift; path = FirebaseChatServices.swift; sourceTree = "<group>"; };
		D1D66C79279C866900EEC95E /* RecentMessage.swift */ = {isa = PBXFileReference; lastKnownFileType = sourcecode.swift; path = RecentMessage.swift; sourceTree = "<group>"; };
		D1DA3901279E9BB600A571E2 /* MainMessagesAdminViewModel.swift */ = {isa = PBXFileReference; lastKnownFileType = sourcecode.swift; path = MainMessagesAdminViewModel.swift; sourceTree = "<group>"; };
		D1DA3903279EA01700A571E2 /* MainMessageAdminView.swift */ = {isa = PBXFileReference; lastKnownFileType = sourcecode.swift; path = MainMessageAdminView.swift; sourceTree = "<group>"; };
		D1EB16E3279DF64C0043624F /* UsersListAdminView2.swift */ = {isa = PBXFileReference; lastKnownFileType = sourcecode.swift; path = UsersListAdminView2.swift; sourceTree = "<group>"; };
		D1EB16E7279E04480043624F /* UserDetailsAdminViewModel.swift */ = {isa = PBXFileReference; lastKnownFileType = sourcecode.swift; path = UserDetailsAdminViewModel.swift; sourceTree = "<group>"; };
		D1F555BC2791CA130005555A /* FirebaseUserService.swift */ = {isa = PBXFileReference; lastKnownFileType = sourcecode.swift; path = FirebaseUserService.swift; sourceTree = "<group>"; };
		D1F555C02791CE9E0005555A /* DataManager.swift */ = {isa = PBXFileReference; lastKnownFileType = sourcecode.swift; path = DataManager.swift; sourceTree = "<group>"; };
		D1F555C22791DAEB0005555A /* MotherView.swift */ = {isa = PBXFileReference; lastKnownFileType = sourcecode.swift; path = MotherView.swift; sourceTree = "<group>"; };
		D1F555C42791DECE0005555A /* RegisterViewModel.swift */ = {isa = PBXFileReference; lastKnownFileType = sourcecode.swift; path = RegisterViewModel.swift; sourceTree = "<group>"; };
		D1F555C62791EF7D0005555A /* View Extension.swift */ = {isa = PBXFileReference; lastKnownFileType = sourcecode.swift; path = "View Extension.swift"; sourceTree = "<group>"; };
		D1F555C82791F4450005555A /* LogoutViewModel.swift */ = {isa = PBXFileReference; lastKnownFileType = sourcecode.swift; path = LogoutViewModel.swift; sourceTree = "<group>"; };
/* End PBXFileReference section */

/* Begin PBXFrameworksBuildPhase section */
		D14B896F27902C75005FC4F0 /* Frameworks */ = {
			isa = PBXFrameworksBuildPhase;
			buildActionMask = 2147483647;
			files = (
				D1C46FD1279B15C700833440 /* SDWebImageSwiftUI in Frameworks */,
				D1EB16DC279DBF240043624F /* FirebaseFirestore in Frameworks */,
				D1EB16DE279DBF240043624F /* FirebaseFirestoreSwift-Beta in Frameworks */,
				D1CACA6A27A45D86002D56A7 /* FirebaseFunctions in Frameworks */,
				D1EB16DA279DBF240043624F /* FirebaseAuth in Frameworks */,
				D1BF60762790A19A00F22AAF /* GoogleSignIn in Frameworks */,
				D1EB16E2279DBF240043624F /* FirebaseStorageSwift-Beta in Frameworks */,
				D1EB16E0279DBF240043624F /* FirebaseStorage in Frameworks */,
			);
			runOnlyForDeploymentPostprocessing = 0;
		};
/* End PBXFrameworksBuildPhase section */

/* Begin PBXGroup section */
		D10BF789279D53F50038EA72 /* Admin Chat View */ = {
			isa = PBXGroup;
			children = (
				D1DA3903279EA01700A571E2 /* MainMessageAdminView.swift */,
				D10BF78A279D54070038EA72 /* ChatLogAdminView.swift */,
			);
			path = "Admin Chat View";
			sourceTree = "<group>";
		};
		D116C3D4279B5EF6001CC51E /* Register Login Model */ = {
			isa = PBXGroup;
			children = (
				D1D6678A27A2930900B1E720 /* Decoder */,
				D1F555BC2791CA130005555A /* FirebaseUserService.swift */,
			);
			path = "Register Login Model";
			sourceTree = "<group>";
		};
		D116C3D5279B5F37001CC51E /* Admin Model */ = {
			isa = PBXGroup;
			children = (
				D116C3D6279B5FA6001CC51E /* FirebaseAdminService.swift */,
			);
			path = "Admin Model";
			sourceTree = "<group>";
		};
		D12576CA2797109100DC6BA3 /* View Router */ = {
			isa = PBXGroup;
			children = (
				D1AE622F2796C0A300FDFAAC /* TabBarRouter.swift */,
				D14B898F279032AF005FC4F0 /* ViewRouter.swift */,
			);
			path = "View Router";
			sourceTree = "<group>";
		};
		D13A887827A13CBE00F606C3 /* Map Model */ = {
			isa = PBXGroup;
			children = (
				D13A887927A13CD800F606C3 /* Location.swift */,
			);
			path = "Map Model";
			sourceTree = "<group>";
		};
		D13A887B27A1438700F606C3 /* Map VM */ = {
			isa = PBXGroup;
			children = (
				D13A887C27A1439A00F606C3 /* MapViewModel.swift */,
			);
			path = "Map VM";
			sourceTree = "<group>";
		};
		D13A887E27A1551F00F606C3 /* Map View */ = {
			isa = PBXGroup;
			children = (
				D13A887F27A1553300F606C3 /* PlaceAnnotationView.swift */,
			);
			path = "Map View";
			sourceTree = "<group>";
		};
		D13A888327A1931E00F606C3 /* Event Model */ = {
			isa = PBXGroup;
			children = (
				D13A888827A1AA4300F606C3 /* Decoder */,
				D1D6678827A2925200B1E720 /* FirebaseEventServices.swift */,
			);
			path = "Event Model";
			sourceTree = "<group>";
		};
		D13A888627A1A94900F606C3 /* Utils */ = {
			isa = PBXGroup;
			children = (
				D1C46FCD279B084400833440 /* StringConstant.swift */,
				D13A888127A192A000F606C3 /* FakePreviewData.swift */,
				D1D6678D27A2A09000B1E720 /* RequestStatus.swift */,
			);
			path = Utils;
			sourceTree = "<group>";
		};
		D13A888727A1A9CA00F606C3 /* Decoders */ = {
			isa = PBXGroup;
			children = (
				D1D66C79279C866900EEC95E /* RecentMessage.swift */,
				D1D66C75279C6EDE00EEC95E /* ChatMessage.swift */,
			);
			path = Decoders;
			sourceTree = "<group>";
		};
		D13A888827A1AA4300F606C3 /* Decoder */ = {
			isa = PBXGroup;
			children = (
				D13A888427A1933500F606C3 /* EventForm.swift */,
				D1D6678B27A29D6200B1E720 /* EventRegistered.swift */,
			);
			path = Decoder;
			sourceTree = "<group>";
		};
		D14B896927902C75005FC4F0 = {
			isa = PBXGroup;
			children = (
				D14B897427902C75005FC4F0 /* Next Gaymer */,
				D14B897327902C75005FC4F0 /* Products */,
				D1BF60772790A1CC00F22AAF /* Frameworks */,
			);
			sourceTree = "<group>";
		};
		D14B897327902C75005FC4F0 /* Products */ = {
			isa = PBXGroup;
			children = (
				D14B897227902C75005FC4F0 /* Next Gaymer.app */,
			);
			name = Products;
			sourceTree = "<group>";
		};
		D14B897427902C75005FC4F0 /* Next Gaymer */ = {
			isa = PBXGroup;
			children = (
				D1BF607A2790A2B700F22AAF /* Next-Gaymer-Info.plist */,
				D17C1A442790C64B00EF0633 /* GoogleService-Info.plist */,
				D14B897927902C76005FC4F0 /* Assets.xcassets */,
				D14B897527902C75005FC4F0 /* Next_GaymerApp.swift */,
				D1F555BB2791C9E00005555A /* Model */,
				D1BF607B2790BE5200F22AAF /* ViewModel */,
				D14B898A2790306C005FC4F0 /* View */,
				D14B897B27902C76005FC4F0 /* Preview Content */,
			);
			path = "Next Gaymer";
			sourceTree = "<group>";
		};
		D14B897B27902C76005FC4F0 /* Preview Content */ = {
			isa = PBXGroup;
			children = (
				D14B897C27902C76005FC4F0 /* Preview Assets.xcassets */,
			);
			path = "Preview Content";
			sourceTree = "<group>";
		};
		D14B898A2790306C005FC4F0 /* View */ = {
			isa = PBXGroup;
			children = (
				D1BF606727906D7200F22AAF /* Views Component */,
				D1F555C22791DAEB0005555A /* MotherView.swift */,
				D1D66C6F279C600A00EEC95E /* CredentialSwitcherView.swift */,
				D1EB16E6279E02800043624F /* User View */,
				D1D66C62279C115A00EEC95E /* Admin View */,
				D1BFA1A0279EFDEC00FF0B47 /* Profile View */,
				D1BFA19D279EFD8D00FF0B47 /* Help View */,
				D19B0BF22795DEFD000C059C /* Register Login View */,
				D19B0BF42795DF8E000C059C /* View Test */,
				D18BD6B8279DB4830059561B /* Launchscreen.storyboard */,
			);
			path = View;
			sourceTree = "<group>";
		};
		D19B0BF12795DEA9000C059C /* Register Login View */ = {
			isa = PBXGroup;
			children = (
				D1BF606827906DA300F22AAF /* RegisterCredentials.swift */,
				D1B3DB3227921DFF0075A0F7 /* EmailView.swift */,
				D1BF606A279071A900F22AAF /* LogoView.swift */,
				D1BF606E27908A7100F22AAF /* ButtonTextView.swift */,
				D1BF606C2790786B00F22AAF /* LoginCredentials.swift */,
				D12576CC27971A7600DC6BA3 /* PhotoPickerView.swift */,
			);
			path = "Register Login View";
			sourceTree = "<group>";
		};
		D19B0BF22795DEFD000C059C /* Register Login View */ = {
			isa = PBXGroup;
			children = (
				D14B898D2790308A005FC4F0 /* LoginView.swift */,
				D1428DEF2792E38A00269B0C /* RegisterView.swift */,
				D1B3DB30279216F20075A0F7 /* ResetPasswordView.swift */,
			);
			path = "Register Login View";
			sourceTree = "<group>";
		};
		D19B0BF32795DF6C000C059C /* Tab Bar View */ = {
			isa = PBXGroup;
			children = (
				D19B0BF52795DFCB000C059C /* TapButtonView.swift */,
				D1622F092796058E00F6B461 /* CircleBackgroundView.swift */,
			);
			path = "Tab Bar View";
			sourceTree = "<group>";
		};
		D19B0BF42795DF8E000C059C /* View Test */ = {
			isa = PBXGroup;
			children = (
				D1BFA1A1279EFF0400FF0B47 /* MainAdminView.swift */,
				D1442406279FFFFA00DD82F2 /* MainMessageAdminView2.swift */,
				D1D66C63279C123E00EEC95E /* UserMainView.swift */,
				D19B0BEA2795C268000C059C /* HomepageView.swift */,
				D1EB16E3279DF64C0043624F /* UsersListAdminView2.swift */,
				D14B898B2790307F005FC4F0 /* RegisterView2.swift */,
			);
			path = "View Test";
			sourceTree = "<group>";
		};
		D1BF606727906D7200F22AAF /* Views Component */ = {
			isa = PBXGroup;
			children = (
				D12576CE2797215500DC6BA3 /* ImagePicker.swift */,
				D19B0BEC2795C4D8000C059C /* CustomTabBar.swift */,
				D1F555C62791EF7D0005555A /* View Extension.swift */,
				D13A887E27A1551F00F606C3 /* Map View */,
				D1D66C61279C114F00EEC95E /* Chat View */,
				D19B0BF32795DF6C000C059C /* Tab Bar View */,
				D19B0BF12795DEA9000C059C /* Register Login View */,
			);
			path = "Views Component";
			sourceTree = "<group>";
		};
		D1BF60772790A1CC00F22AAF /* Frameworks */ = {
			isa = PBXGroup;
			children = (
			);
			name = Frameworks;
			sourceTree = "<group>";
		};
		D1BF607B2790BE5200F22AAF /* ViewModel */ = {
			isa = PBXGroup;
			children = (
				D1D66C5F279C05EB00EEC95E /* CurrentUserViewModel.swift */,
				D13A887B27A1438700F606C3 /* Map VM */,
				D1D66C5C279C04E200EEC95E /* Admin VM */,
				D1D66C5B279C04D700EEC95E /* Tab Bar VM */,
				D1D66C5A279C04BE00EEC95E /* Register Login VM */,
				D12576CA2797109100DC6BA3 /* View Router */,
			);
			path = ViewModel;
			sourceTree = "<group>";
		};
		D1BFA194279EF8DD00FF0B47 /* Admin Event View */ = {
			isa = PBXGroup;
			children = (
				D1BFA197279EFA9000FF0B47 /* EventListAdminView.swift */,
				D1BFA195279EF90200FF0B47 /* EventCreationAdminView.swift */,
			);
			path = "Admin Event View";
			sourceTree = "<group>";
		};
		D1BFA199279EFBE900FF0B47 /* Admin Users View */ = {
			isa = PBXGroup;
			children = (
				D1D66C6D279C5E3000EEC95E /* UserDetailsAdminView.swift */,
				D1D66C67279C159600EEC95E /* UsersAdminView.swift */,
			);
			path = "Admin Users View";
			sourceTree = "<group>";
		};
		D1BFA19D279EFD8D00FF0B47 /* Help View */ = {
			isa = PBXGroup;
			children = (
				D1BFA19E279EFDC200FF0B47 /* HelpPageView.swift */,
				D1BFA19B279EFD1B00FF0B47 /* MapView.swift */,
			);
			path = "Help View";
			sourceTree = "<group>";
		};
		D1BFA1A0279EFDEC00FF0B47 /* Profile View */ = {
			isa = PBXGroup;
			children = (
				D1622F0B279617C500F6B461 /* ProfileView.swift */,
			);
			path = "Profile View";
			sourceTree = "<group>";
		};
		D1D6678A27A2930900B1E720 /* Decoder */ = {
			isa = PBXGroup;
			children = (
				D1C46FD2279B1EB200833440 /* UserForm.swift */,
			);
			path = Decoder;
			sourceTree = "<group>";
		};
		D1D66C5A279C04BE00EEC95E /* Register Login VM */ = {
			isa = PBXGroup;
			children = (
				D1BF607C2790BE8D00F22AAF /* LoginViewModel.swift */,
				D1B3DB2E279214780075A0F7 /* ResetPasswordViewModel.swift */,
				D1F555C42791DECE0005555A /* RegisterViewModel.swift */,
				D1F555C82791F4450005555A /* LogoutViewModel.swift */,
			);
			path = "Register Login VM";
			sourceTree = "<group>";
		};
		D1D66C5B279C04D700EEC95E /* Tab Bar VM */ = {
			isa = PBXGroup;
			children = (
				D19B0BF82795E16C000C059C /* CustomTabBarViewModel.swift */,
			);
			path = "Tab Bar VM";
			sourceTree = "<group>";
		};
		D1D66C5C279C04E200EEC95E /* Admin VM */ = {
			isa = PBXGroup;
			children = (
				D1D66C74279C6E9300EEC95E /* Admin Chat VM */,
				D1D66C69279C1B7E00EEC95E /* UsersAdminViewModel.swift */,
				D1EB16E7279E04480043624F /* UserDetailsAdminViewModel.swift */,
			);
			path = "Admin VM";
			sourceTree = "<group>";
		};
		D1D66C61279C114F00EEC95E /* Chat View */ = {
			isa = PBXGroup;
			children = (
				D10BF78C279D55050038EA72 /* MessageView.swift */,
			);
			path = "Chat View";
			sourceTree = "<group>";
		};
		D1D66C62279C115A00EEC95E /* Admin View */ = {
			isa = PBXGroup;
			children = (
				D1D66C65279C124900EEC95E /* TabBarAdminView.swift */,
				D1BFA194279EF8DD00FF0B47 /* Admin Event View */,
				D1BFA199279EFBE900FF0B47 /* Admin Users View */,
				D10BF789279D53F50038EA72 /* Admin Chat View */,
			);
			path = "Admin View";
			sourceTree = "<group>";
		};
		D1D66C71279C6CA500EEC95E /* Chat Model */ = {
			isa = PBXGroup;
			children = (
				D13A888727A1A9CA00F606C3 /* Decoders */,
				D1D66C77279C6F7900EEC95E /* FirebaseChatServices.swift */,
			);
			path = "Chat Model";
			sourceTree = "<group>";
		};
		D1D66C74279C6E9300EEC95E /* Admin Chat VM */ = {
			isa = PBXGroup;
			children = (
				D1DA3901279E9BB600A571E2 /* MainMessagesAdminViewModel.swift */,
				D1D66C72279C6E8800EEC95E /* ChatLogAdminViewModel.swift */,
				D109327327A03FC100B4818F /* SelectedUserViewModel.swift */,
			);
			path = "Admin Chat VM";
			sourceTree = "<group>";
		};
		D1EB16E5279DFBD30043624F /* User Model */ = {
			isa = PBXGroup;
			children = (
			);
			path = "User Model";
			sourceTree = "<group>";
		};
		D1EB16E6279E02800043624F /* User View */ = {
			isa = PBXGroup;
			children = (
				D1BFA1A3279F029100FF0B47 /* TabBarUserView.swift */,
			);
			path = "User View";
			sourceTree = "<group>";
		};
		D1F555BB2791C9E00005555A /* Model */ = {
			isa = PBXGroup;
			children = (
				D13A888627A1A94900F606C3 /* Utils */,
				D13A888327A1931E00F606C3 /* Event Model */,
				D13A887827A13CBE00F606C3 /* Map Model */,
				D1D66C71279C6CA500EEC95E /* Chat Model */,
				D1EB16E5279DFBD30043624F /* User Model */,
				D116C3D5279B5F37001CC51E /* Admin Model */,
				D116C3D4279B5EF6001CC51E /* Register Login Model */,
				D1C46FD4279B1EC100833440 /* UserRegistered.swift */,
				D1D66C6B279C1CF700EEC95E /* UserDetails.swift */,
				D1F555C02791CE9E0005555A /* DataManager.swift */,
			);
			path = Model;
			sourceTree = "<group>";
		};
/* End PBXGroup section */

/* Begin PBXNativeTarget section */
		D14B897127902C75005FC4F0 /* Next Gaymer */ = {
			isa = PBXNativeTarget;
			buildConfigurationList = D14B898027902C76005FC4F0 /* Build configuration list for PBXNativeTarget "Next Gaymer" */;
			buildPhases = (
				D14B896E27902C75005FC4F0 /* Sources */,
				D14B896F27902C75005FC4F0 /* Frameworks */,
				D14B897027902C75005FC4F0 /* Resources */,
			);
			buildRules = (
			);
			dependencies = (
			);
			name = "Next Gaymer";
			packageProductDependencies = (
				D1BF60752790A19A00F22AAF /* GoogleSignIn */,
				D1C46FD0279B15C700833440 /* SDWebImageSwiftUI */,
				D1EB16D9279DBF240043624F /* FirebaseAuth */,
				D1EB16DB279DBF240043624F /* FirebaseFirestore */,
				D1EB16DD279DBF240043624F /* FirebaseFirestoreSwift-Beta */,
				D1EB16DF279DBF240043624F /* FirebaseStorage */,
				D1EB16E1279DBF240043624F /* FirebaseStorageSwift-Beta */,
				D1CACA6927A45D86002D56A7 /* FirebaseFunctions */,
			);
			productName = "Next Gaymer";
			productReference = D14B897227902C75005FC4F0 /* Next Gaymer.app */;
			productType = "com.apple.product-type.application";
		};
/* End PBXNativeTarget section */

/* Begin PBXProject section */
		D14B896A27902C75005FC4F0 /* Project object */ = {
			isa = PBXProject;
			attributes = {
				BuildIndependentTargetsInParallel = 1;
				LastSwiftUpdateCheck = 1320;
				LastUpgradeCheck = 1320;
				TargetAttributes = {
					D14B897127902C75005FC4F0 = {
						CreatedOnToolsVersion = 13.2.1;
					};
				};
			};
			buildConfigurationList = D14B896D27902C75005FC4F0 /* Build configuration list for PBXProject "Next Gaymer" */;
			compatibilityVersion = "Xcode 13.0";
			developmentRegion = en;
			hasScannedForEncodings = 0;
			knownRegions = (
				en,
				Base,
			);
			mainGroup = D14B896927902C75005FC4F0;
			packageReferences = (
				D1BF60742790A19900F22AAF /* XCRemoteSwiftPackageReference "GoogleSignIn-iOS" */,
				D1C46FCF279B15C600833440 /* XCRemoteSwiftPackageReference "SDWebImageSwiftUI" */,
				D1EB16D8279DBF240043624F /* XCRemoteSwiftPackageReference "firebase-ios-sdk" */,
			);
			productRefGroup = D14B897327902C75005FC4F0 /* Products */;
			projectDirPath = "";
			projectRoot = "";
			targets = (
				D14B897127902C75005FC4F0 /* Next Gaymer */,
			);
		};
/* End PBXProject section */

/* Begin PBXResourcesBuildPhase section */
		D14B897027902C75005FC4F0 /* Resources */ = {
			isa = PBXResourcesBuildPhase;
			buildActionMask = 2147483647;
			files = (
				D14B897D27902C76005FC4F0 /* Preview Assets.xcassets in Resources */,
				D18BD6B9279DB4840059561B /* Launchscreen.storyboard in Resources */,
				D14B897A27902C76005FC4F0 /* Assets.xcassets in Resources */,
				D17C1A452790C64C00EF0633 /* GoogleService-Info.plist in Resources */,
			);
			runOnlyForDeploymentPostprocessing = 0;
		};
/* End PBXResourcesBuildPhase section */

/* Begin PBXSourcesBuildPhase section */
		D14B896E27902C75005FC4F0 /* Sources */ = {
			isa = PBXSourcesBuildPhase;
			buildActionMask = 2147483647;
			files = (
				D1D66C6E279C5E3000EEC95E /* UserDetailsAdminView.swift in Sources */,
				D14B8990279032AF005FC4F0 /* ViewRouter.swift in Sources */,
				D13A888027A1553300F606C3 /* PlaceAnnotationView.swift in Sources */,
				D13A888227A192A000F606C3 /* FakePreviewData.swift in Sources */,
				D1D66C70279C600A00EEC95E /* CredentialSwitcherView.swift in Sources */,
				D19B0BF92795E16C000C059C /* CustomTabBarViewModel.swift in Sources */,
				D1D66C60279C05EB00EEC95E /* CurrentUserViewModel.swift in Sources */,
				D1DA3904279EA01700A571E2 /* MainMessageAdminView.swift in Sources */,
				D1F555C52791DECE0005555A /* RegisterViewModel.swift in Sources */,
				D1BFA19C279EFD1B00FF0B47 /* MapView.swift in Sources */,
				D1BF606D2790786B00F22AAF /* LoginCredentials.swift in Sources */,
				D1DA3902279E9BB600A571E2 /* MainMessagesAdminViewModel.swift in Sources */,
				D1442407279FFFFB00DD82F2 /* MainMessageAdminView2.swift in Sources */,
				D1D6678927A2925200B1E720 /* FirebaseEventServices.swift in Sources */,
				D19B0BEB2795C269000C059C /* HomepageView.swift in Sources */,
				D1D66C7A279C866900EEC95E /* RecentMessage.swift in Sources */,
				D19B0BED2795C4D8000C059C /* CustomTabBar.swift in Sources */,
				D116C3D7279B5FA6001CC51E /* FirebaseAdminService.swift in Sources */,
				D10BF78B279D54070038EA72 /* ChatLogAdminView.swift in Sources */,
				D13A887A27A13CD800F606C3 /* Location.swift in Sources */,
				D1F555C12791CE9E0005555A /* DataManager.swift in Sources */,
				D1D66C68279C159600EEC95E /* UsersAdminView.swift in Sources */,
				D12576CD27971A7600DC6BA3 /* PhotoPickerView.swift in Sources */,
				D1622F0C279617C700F6B461 /* ProfileView.swift in Sources */,
				D1F555C32791DAEC0005555A /* MotherView.swift in Sources */,
				D1F555C72791EF7E0005555A /* View Extension.swift in Sources */,
				D1D66C64279C123E00EEC95E /* UserMainView.swift in Sources */,
				D1BFA1A2279EFF0500FF0B47 /* MainAdminView.swift in Sources */,
				D1F555C92791F4460005555A /* LogoutViewModel.swift in Sources */,
				D1EB16E8279E04480043624F /* UserDetailsAdminViewModel.swift in Sources */,
				D10BF78D279D55050038EA72 /* MessageView.swift in Sources */,
				D1D6678E27A2A09000B1E720 /* RequestStatus.swift in Sources */,
				D1BFA1A4279F029100FF0B47 /* TabBarUserView.swift in Sources */,
				D1D66C6C279C1CF700EEC95E /* UserDetails.swift in Sources */,
				D13A887D27A1439B00F606C3 /* MapViewModel.swift in Sources */,
				D109327427A03FC100B4818F /* SelectedUserViewModel.swift in Sources */,
				D1B3DB3327921DFF0075A0F7 /* EmailView.swift in Sources */,
				D1EB16E4279DF64C0043624F /* UsersListAdminView2.swift in Sources */,
				D1BFA198279EFA9000FF0B47 /* EventListAdminView.swift in Sources */,
				D1AE62302796C0A300FDFAAC /* TabBarRouter.swift in Sources */,
				D1D66C76279C6EDE00EEC95E /* ChatMessage.swift in Sources */,
				D14B898C2790307F005FC4F0 /* RegisterView2.swift in Sources */,
				D1BF606927906DA300F22AAF /* RegisterCredentials.swift in Sources */,
				D12576CF2797215500DC6BA3 /* ImagePicker.swift in Sources */,
				D1B3DB2F279214790075A0F7 /* ResetPasswordViewModel.swift in Sources */,
				D1428DF02792E38A00269B0C /* RegisterView.swift in Sources */,
				D1F555BD2791CA130005555A /* FirebaseUserService.swift in Sources */,
				D1BF607D2790BE8E00F22AAF /* LoginViewModel.swift in Sources */,
				D1B3DB31279216F20075A0F7 /* ResetPasswordView.swift in Sources */,
				D1BF606B279071AA00F22AAF /* LogoView.swift in Sources */,
				D1D66C73279C6E8800EEC95E /* ChatLogAdminViewModel.swift in Sources */,
				D1D66C78279C6F7900EEC95E /* FirebaseChatServices.swift in Sources */,
				D1C46FCE279B084400833440 /* StringConstant.swift in Sources */,
				D1BFA196279EF90200FF0B47 /* EventCreationAdminView.swift in Sources */,
				D14B898E2790308A005FC4F0 /* LoginView.swift in Sources */,
				D14B897627902C75005FC4F0 /* Next_GaymerApp.swift in Sources */,
				D1BFA19F279EFDC200FF0B47 /* HelpPageView.swift in Sources */,
				D1D6678C27A29D6300B1E720 /* EventRegistered.swift in Sources */,
				D1D66C66279C124900EEC95E /* TabBarAdminView.swift in Sources */,
				D1BF606F27908A7100F22AAF /* ButtonTextView.swift in Sources */,
				D1C46FD5279B1EC100833440 /* UserRegistered.swift in Sources */,
				D19B0BF62795DFCB000C059C /* TapButtonView.swift in Sources */,
				D1622F0A2796058E00F6B461 /* CircleBackgroundView.swift in Sources */,
				D1D66C6A279C1B7E00EEC95E /* UsersAdminViewModel.swift in Sources */,
				D1C46FD3279B1EB200833440 /* UserForm.swift in Sources */,
				D13A888527A1933500F606C3 /* EventForm.swift in Sources */,
			);
			runOnlyForDeploymentPostprocessing = 0;
		};
/* End PBXSourcesBuildPhase section */

/* Begin XCBuildConfiguration section */
		D14B897E27902C76005FC4F0 /* Debug */ = {
			isa = XCBuildConfiguration;
			buildSettings = {
				ALWAYS_SEARCH_USER_PATHS = NO;
				CLANG_ANALYZER_NONNULL = YES;
				CLANG_ANALYZER_NUMBER_OBJECT_CONVERSION = YES_AGGRESSIVE;
				CLANG_CXX_LANGUAGE_STANDARD = "gnu++17";
				CLANG_CXX_LIBRARY = "libc++";
				CLANG_ENABLE_MODULES = YES;
				CLANG_ENABLE_OBJC_ARC = YES;
				CLANG_ENABLE_OBJC_WEAK = YES;
				CLANG_WARN_BLOCK_CAPTURE_AUTORELEASING = YES;
				CLANG_WARN_BOOL_CONVERSION = YES;
				CLANG_WARN_COMMA = YES;
				CLANG_WARN_CONSTANT_CONVERSION = YES;
				CLANG_WARN_DEPRECATED_OBJC_IMPLEMENTATIONS = YES;
				CLANG_WARN_DIRECT_OBJC_ISA_USAGE = YES_ERROR;
				CLANG_WARN_DOCUMENTATION_COMMENTS = YES;
				CLANG_WARN_EMPTY_BODY = YES;
				CLANG_WARN_ENUM_CONVERSION = YES;
				CLANG_WARN_INFINITE_RECURSION = YES;
				CLANG_WARN_INT_CONVERSION = YES;
				CLANG_WARN_NON_LITERAL_NULL_CONVERSION = YES;
				CLANG_WARN_OBJC_IMPLICIT_RETAIN_SELF = YES;
				CLANG_WARN_OBJC_LITERAL_CONVERSION = YES;
				CLANG_WARN_OBJC_ROOT_CLASS = YES_ERROR;
				CLANG_WARN_QUOTED_INCLUDE_IN_FRAMEWORK_HEADER = YES;
				CLANG_WARN_RANGE_LOOP_ANALYSIS = YES;
				CLANG_WARN_STRICT_PROTOTYPES = YES;
				CLANG_WARN_SUSPICIOUS_MOVE = YES;
				CLANG_WARN_UNGUARDED_AVAILABILITY = YES_AGGRESSIVE;
				CLANG_WARN_UNREACHABLE_CODE = YES;
				CLANG_WARN__DUPLICATE_METHOD_MATCH = YES;
				COPY_PHASE_STRIP = NO;
				DEBUG_INFORMATION_FORMAT = dwarf;
				ENABLE_STRICT_OBJC_MSGSEND = YES;
				ENABLE_TESTABILITY = YES;
				GCC_C_LANGUAGE_STANDARD = gnu11;
				GCC_DYNAMIC_NO_PIC = NO;
				GCC_NO_COMMON_BLOCKS = YES;
				GCC_OPTIMIZATION_LEVEL = 0;
				GCC_PREPROCESSOR_DEFINITIONS = (
					"DEBUG=1",
					"$(inherited)",
				);
				GCC_WARN_64_TO_32_BIT_CONVERSION = YES;
				GCC_WARN_ABOUT_RETURN_TYPE = YES_ERROR;
				GCC_WARN_UNDECLARED_SELECTOR = YES;
				GCC_WARN_UNINITIALIZED_AUTOS = YES_AGGRESSIVE;
				GCC_WARN_UNUSED_FUNCTION = YES;
				GCC_WARN_UNUSED_VARIABLE = YES;
				IPHONEOS_DEPLOYMENT_TARGET = 15.2;
				MTL_ENABLE_DEBUG_INFO = INCLUDE_SOURCE;
				MTL_FAST_MATH = YES;
				ONLY_ACTIVE_ARCH = YES;
				SDKROOT = iphoneos;
				SWIFT_ACTIVE_COMPILATION_CONDITIONS = DEBUG;
				SWIFT_OPTIMIZATION_LEVEL = "-Onone";
			};
			name = Debug;
		};
		D14B897F27902C76005FC4F0 /* Release */ = {
			isa = XCBuildConfiguration;
			buildSettings = {
				ALWAYS_SEARCH_USER_PATHS = NO;
				CLANG_ANALYZER_NONNULL = YES;
				CLANG_ANALYZER_NUMBER_OBJECT_CONVERSION = YES_AGGRESSIVE;
				CLANG_CXX_LANGUAGE_STANDARD = "gnu++17";
				CLANG_CXX_LIBRARY = "libc++";
				CLANG_ENABLE_MODULES = YES;
				CLANG_ENABLE_OBJC_ARC = YES;
				CLANG_ENABLE_OBJC_WEAK = YES;
				CLANG_WARN_BLOCK_CAPTURE_AUTORELEASING = YES;
				CLANG_WARN_BOOL_CONVERSION = YES;
				CLANG_WARN_COMMA = YES;
				CLANG_WARN_CONSTANT_CONVERSION = YES;
				CLANG_WARN_DEPRECATED_OBJC_IMPLEMENTATIONS = YES;
				CLANG_WARN_DIRECT_OBJC_ISA_USAGE = YES_ERROR;
				CLANG_WARN_DOCUMENTATION_COMMENTS = YES;
				CLANG_WARN_EMPTY_BODY = YES;
				CLANG_WARN_ENUM_CONVERSION = YES;
				CLANG_WARN_INFINITE_RECURSION = YES;
				CLANG_WARN_INT_CONVERSION = YES;
				CLANG_WARN_NON_LITERAL_NULL_CONVERSION = YES;
				CLANG_WARN_OBJC_IMPLICIT_RETAIN_SELF = YES;
				CLANG_WARN_OBJC_LITERAL_CONVERSION = YES;
				CLANG_WARN_OBJC_ROOT_CLASS = YES_ERROR;
				CLANG_WARN_QUOTED_INCLUDE_IN_FRAMEWORK_HEADER = YES;
				CLANG_WARN_RANGE_LOOP_ANALYSIS = YES;
				CLANG_WARN_STRICT_PROTOTYPES = YES;
				CLANG_WARN_SUSPICIOUS_MOVE = YES;
				CLANG_WARN_UNGUARDED_AVAILABILITY = YES_AGGRESSIVE;
				CLANG_WARN_UNREACHABLE_CODE = YES;
				CLANG_WARN__DUPLICATE_METHOD_MATCH = YES;
				COPY_PHASE_STRIP = NO;
				DEBUG_INFORMATION_FORMAT = "dwarf-with-dsym";
				ENABLE_NS_ASSERTIONS = NO;
				ENABLE_STRICT_OBJC_MSGSEND = YES;
				GCC_C_LANGUAGE_STANDARD = gnu11;
				GCC_NO_COMMON_BLOCKS = YES;
				GCC_WARN_64_TO_32_BIT_CONVERSION = YES;
				GCC_WARN_ABOUT_RETURN_TYPE = YES_ERROR;
				GCC_WARN_UNDECLARED_SELECTOR = YES;
				GCC_WARN_UNINITIALIZED_AUTOS = YES_AGGRESSIVE;
				GCC_WARN_UNUSED_FUNCTION = YES;
				GCC_WARN_UNUSED_VARIABLE = YES;
				IPHONEOS_DEPLOYMENT_TARGET = 15.2;
				MTL_ENABLE_DEBUG_INFO = NO;
				MTL_FAST_MATH = YES;
				SDKROOT = iphoneos;
				SWIFT_COMPILATION_MODE = wholemodule;
				SWIFT_OPTIMIZATION_LEVEL = "-O";
				VALIDATE_PRODUCT = YES;
			};
			name = Release;
		};
		D14B898127902C76005FC4F0 /* Debug */ = {
			isa = XCBuildConfiguration;
			buildSettings = {
				ASSETCATALOG_COMPILER_APPICON_NAME = AppIcon;
				ASSETCATALOG_COMPILER_GLOBAL_ACCENT_COLOR_NAME = AccentColor;
				CODE_SIGN_STYLE = Automatic;
				CURRENT_PROJECT_VERSION = 1;
				DEVELOPMENT_ASSET_PATHS = "\"Next Gaymer/Preview Content\"";
				DEVELOPMENT_TEAM = 4M5FSWV6LJ;
				ENABLE_PREVIEWS = YES;
				GENERATE_INFOPLIST_FILE = YES;
				INFOPLIST_FILE = "Next-Gaymer-Info.plist";
				INFOPLIST_KEY_NSFaceIDUsageDescription = "";
				INFOPLIST_KEY_NSLocationWhenInUseUsageDescription = "Trouvez les centres d'aide LGBT à proximité.";
				INFOPLIST_KEY_UIApplicationSceneManifest_Generation = YES;
				INFOPLIST_KEY_UIApplicationSupportsIndirectInputEvents = YES;
				INFOPLIST_KEY_UILaunchScreen_Generation = YES;
				INFOPLIST_KEY_UILaunchStoryboardName = Launchscreen;
				INFOPLIST_KEY_UISupportedInterfaceOrientations = UIInterfaceOrientationPortrait;
				INFOPLIST_KEY_UISupportedInterfaceOrientations_iPad = "UIInterfaceOrientationPortrait UIInterfaceOrientationPortraitUpsideDown UIInterfaceOrientationLandscapeLeft UIInterfaceOrientationLandscapeRight";
				INFOPLIST_KEY_UISupportedInterfaceOrientations_iPhone = "UIInterfaceOrientationPortrait UIInterfaceOrientationLandscapeLeft UIInterfaceOrientationLandscapeRight";
				LD_RUNPATH_SEARCH_PATHS = (
					"$(inherited)",
					"@executable_path/Frameworks",
				);
				MARKETING_VERSION = 1.0;
				PRODUCT_BUNDLE_IDENTIFIER = "com.fabienstg.Next-Gaymer";
				PRODUCT_NAME = "$(TARGET_NAME)";
				SWIFT_EMIT_LOC_STRINGS = YES;
				SWIFT_VERSION = 5.0;
				TARGETED_DEVICE_FAMILY = 1;
			};
			name = Debug;
		};
		D14B898227902C76005FC4F0 /* Release */ = {
			isa = XCBuildConfiguration;
			buildSettings = {
				ASSETCATALOG_COMPILER_APPICON_NAME = AppIcon;
				ASSETCATALOG_COMPILER_GLOBAL_ACCENT_COLOR_NAME = AccentColor;
				CODE_SIGN_STYLE = Automatic;
				CURRENT_PROJECT_VERSION = 1;
				DEVELOPMENT_ASSET_PATHS = "\"Next Gaymer/Preview Content\"";
				DEVELOPMENT_TEAM = 4M5FSWV6LJ;
				ENABLE_PREVIEWS = YES;
				GENERATE_INFOPLIST_FILE = YES;
				INFOPLIST_FILE = "Next-Gaymer-Info.plist";
				INFOPLIST_KEY_NSFaceIDUsageDescription = "";
				INFOPLIST_KEY_NSLocationWhenInUseUsageDescription = "Trouvez les centres d'aide LGBT à proximité.";
				INFOPLIST_KEY_UIApplicationSceneManifest_Generation = YES;
				INFOPLIST_KEY_UIApplicationSupportsIndirectInputEvents = YES;
				INFOPLIST_KEY_UILaunchScreen_Generation = YES;
				INFOPLIST_KEY_UILaunchStoryboardName = Launchscreen;
				INFOPLIST_KEY_UISupportedInterfaceOrientations = UIInterfaceOrientationPortrait;
				INFOPLIST_KEY_UISupportedInterfaceOrientations_iPad = "UIInterfaceOrientationPortrait UIInterfaceOrientationPortraitUpsideDown UIInterfaceOrientationLandscapeLeft UIInterfaceOrientationLandscapeRight";
				INFOPLIST_KEY_UISupportedInterfaceOrientations_iPhone = "UIInterfaceOrientationPortrait UIInterfaceOrientationLandscapeLeft UIInterfaceOrientationLandscapeRight";
				LD_RUNPATH_SEARCH_PATHS = (
					"$(inherited)",
					"@executable_path/Frameworks",
				);
				MARKETING_VERSION = 1.0;
				PRODUCT_BUNDLE_IDENTIFIER = "com.fabienstg.Next-Gaymer";
				PRODUCT_NAME = "$(TARGET_NAME)";
				SWIFT_EMIT_LOC_STRINGS = YES;
				SWIFT_VERSION = 5.0;
				TARGETED_DEVICE_FAMILY = 1;
			};
			name = Release;
		};
/* End XCBuildConfiguration section */

/* Begin XCConfigurationList section */
		D14B896D27902C75005FC4F0 /* Build configuration list for PBXProject "Next Gaymer" */ = {
			isa = XCConfigurationList;
			buildConfigurations = (
				D14B897E27902C76005FC4F0 /* Debug */,
				D14B897F27902C76005FC4F0 /* Release */,
			);
			defaultConfigurationIsVisible = 0;
			defaultConfigurationName = Release;
		};
		D14B898027902C76005FC4F0 /* Build configuration list for PBXNativeTarget "Next Gaymer" */ = {
			isa = XCConfigurationList;
			buildConfigurations = (
				D14B898127902C76005FC4F0 /* Debug */,
				D14B898227902C76005FC4F0 /* Release */,
			);
			defaultConfigurationIsVisible = 0;
			defaultConfigurationName = Release;
		};
/* End XCConfigurationList section */

/* Begin XCRemoteSwiftPackageReference section */
		D1BF60742790A19900F22AAF /* XCRemoteSwiftPackageReference "GoogleSignIn-iOS" */ = {
			isa = XCRemoteSwiftPackageReference;
			repositoryURL = "https://github.com/google/GoogleSignIn-iOS.git";
			requirement = {
				kind = upToNextMinorVersion;
				minimumVersion = 6.0.0;
			};
		};
		D1C46FCF279B15C600833440 /* XCRemoteSwiftPackageReference "SDWebImageSwiftUI" */ = {
			isa = XCRemoteSwiftPackageReference;
			repositoryURL = "https://github.com/SDWebImage/SDWebImageSwiftUI.git";
			requirement = {
				kind = upToNextMinorVersion;
				minimumVersion = 2.0.0;
			};
		};
		D1EB16D8279DBF240043624F /* XCRemoteSwiftPackageReference "firebase-ios-sdk" */ = {
			isa = XCRemoteSwiftPackageReference;
			repositoryURL = "https://github.com/firebase/firebase-ios-sdk";
			requirement = {
				kind = upToNextMinorVersion;
				minimumVersion = 8.9.0;
			};
		};
/* End XCRemoteSwiftPackageReference section */

/* Begin XCSwiftPackageProductDependency section */
		D1BF60752790A19A00F22AAF /* GoogleSignIn */ = {
			isa = XCSwiftPackageProductDependency;
			package = D1BF60742790A19900F22AAF /* XCRemoteSwiftPackageReference "GoogleSignIn-iOS" */;
			productName = GoogleSignIn;
		};
		D1C46FD0279B15C700833440 /* SDWebImageSwiftUI */ = {
			isa = XCSwiftPackageProductDependency;
			package = D1C46FCF279B15C600833440 /* XCRemoteSwiftPackageReference "SDWebImageSwiftUI" */;
			productName = SDWebImageSwiftUI;
		};
		D1CACA6927A45D86002D56A7 /* FirebaseFunctions */ = {
			isa = XCSwiftPackageProductDependency;
			package = D1EB16D8279DBF240043624F /* XCRemoteSwiftPackageReference "firebase-ios-sdk" */;
			productName = FirebaseFunctions;
		};
		D1EB16D9279DBF240043624F /* FirebaseAuth */ = {
			isa = XCSwiftPackageProductDependency;
			package = D1EB16D8279DBF240043624F /* XCRemoteSwiftPackageReference "firebase-ios-sdk" */;
			productName = FirebaseAuth;
		};
		D1EB16DB279DBF240043624F /* FirebaseFirestore */ = {
			isa = XCSwiftPackageProductDependency;
			package = D1EB16D8279DBF240043624F /* XCRemoteSwiftPackageReference "firebase-ios-sdk" */;
			productName = FirebaseFirestore;
		};
		D1EB16DD279DBF240043624F /* FirebaseFirestoreSwift-Beta */ = {
			isa = XCSwiftPackageProductDependency;
			package = D1EB16D8279DBF240043624F /* XCRemoteSwiftPackageReference "firebase-ios-sdk" */;
			productName = "FirebaseFirestoreSwift-Beta";
		};
		D1EB16DF279DBF240043624F /* FirebaseStorage */ = {
			isa = XCSwiftPackageProductDependency;
			package = D1EB16D8279DBF240043624F /* XCRemoteSwiftPackageReference "firebase-ios-sdk" */;
			productName = FirebaseStorage;
		};
		D1EB16E1279DBF240043624F /* FirebaseStorageSwift-Beta */ = {
			isa = XCSwiftPackageProductDependency;
			package = D1EB16D8279DBF240043624F /* XCRemoteSwiftPackageReference "firebase-ios-sdk" */;
			productName = "FirebaseStorageSwift-Beta";
		};
/* End XCSwiftPackageProductDependency section */
	};
	rootObject = D14B896A27902C75005FC4F0 /* Project object */;
}
