// !$*UTF8*$!
{
	archiveVersion = 1;
	classes = {
	};
	objectVersion = 55;
	objects = {

/* Begin PBXBuildFile section */
		D14B897627902C75005FC4F0 /* Next_GaymerApp.swift in Sources */ = {isa = PBXBuildFile; fileRef = D14B897527902C75005FC4F0 /* Next_GaymerApp.swift */; };
		D14B897827902C75005FC4F0 /* HomepageView.swift in Sources */ = {isa = PBXBuildFile; fileRef = D14B897727902C75005FC4F0 /* HomepageView.swift */; };
		D14B897A27902C76005FC4F0 /* Assets.xcassets in Resources */ = {isa = PBXBuildFile; fileRef = D14B897927902C76005FC4F0 /* Assets.xcassets */; };
		D14B897D27902C76005FC4F0 /* Preview Assets.xcassets in Resources */ = {isa = PBXBuildFile; fileRef = D14B897C27902C76005FC4F0 /* Preview Assets.xcassets */; };
		D14B898527902DF8005FC4F0 /* FirebaseAuth in Frameworks */ = {isa = PBXBuildFile; productRef = D14B898427902DF8005FC4F0 /* FirebaseAuth */; };
		D14B898C2790307F005FC4F0 /* RegisterView.swift in Sources */ = {isa = PBXBuildFile; fileRef = D14B898B2790307F005FC4F0 /* RegisterView.swift */; };
		D14B898E2790308A005FC4F0 /* LoginView.swift in Sources */ = {isa = PBXBuildFile; fileRef = D14B898D2790308A005FC4F0 /* LoginView.swift */; };
		D14B8990279032AF005FC4F0 /* ViewRouter.swift in Sources */ = {isa = PBXBuildFile; fileRef = D14B898F279032AF005FC4F0 /* ViewRouter.swift */; };
		D14E7ABA279230B000AC6EB0 /* FirebaseFirestore in Frameworks */ = {isa = PBXBuildFile; productRef = D14E7AB9279230B000AC6EB0 /* FirebaseFirestore */; };
		D14E7ABC279230B800AC6EB0 /* FirebaseFirestoreSwift-Beta in Frameworks */ = {isa = PBXBuildFile; productRef = D14E7ABB279230B800AC6EB0 /* FirebaseFirestoreSwift-Beta */; };
		D17C1A452790C64C00EF0633 /* GoogleService-Info.plist in Resources */ = {isa = PBXBuildFile; fileRef = D17C1A442790C64B00EF0633 /* GoogleService-Info.plist */; };
		D1B3DB2F279214790075A0F7 /* ResetPasswordViewModel.swift in Sources */ = {isa = PBXBuildFile; fileRef = D1B3DB2E279214780075A0F7 /* ResetPasswordViewModel.swift */; };
		D1B3DB31279216F20075A0F7 /* ResetPasswordView.swift in Sources */ = {isa = PBXBuildFile; fileRef = D1B3DB30279216F20075A0F7 /* ResetPasswordView.swift */; };
		D1B3DB3327921DFF0075A0F7 /* EmailView.swift in Sources */ = {isa = PBXBuildFile; fileRef = D1B3DB3227921DFF0075A0F7 /* EmailView.swift */; };
		D1B3DB35279225630075A0F7 /* RealTimeMessagingView.swift in Sources */ = {isa = PBXBuildFile; fileRef = D1B3DB34279225630075A0F7 /* RealTimeMessagingView.swift */; };
		D1BF606927906DA300F22AAF /* RegisterCredentials.swift in Sources */ = {isa = PBXBuildFile; fileRef = D1BF606827906DA300F22AAF /* RegisterCredentials.swift */; };
		D1BF606B279071AA00F22AAF /* LogoView.swift in Sources */ = {isa = PBXBuildFile; fileRef = D1BF606A279071A900F22AAF /* LogoView.swift */; };
		D1BF606D2790786B00F22AAF /* LoginCredentials.swift in Sources */ = {isa = PBXBuildFile; fileRef = D1BF606C2790786B00F22AAF /* LoginCredentials.swift */; };
		D1BF606F27908A7100F22AAF /* ButtonTextView.swift in Sources */ = {isa = PBXBuildFile; fileRef = D1BF606E27908A7100F22AAF /* ButtonTextView.swift */; };
		D1BF60762790A19A00F22AAF /* GoogleSignIn in Frameworks */ = {isa = PBXBuildFile; productRef = D1BF60752790A19A00F22AAF /* GoogleSignIn */; };
		D1BF607D2790BE8E00F22AAF /* LoginViewModel.swift in Sources */ = {isa = PBXBuildFile; fileRef = D1BF607C2790BE8D00F22AAF /* LoginViewModel.swift */; };
		D1F555BD2791CA130005555A /* FirebaseService.swift in Sources */ = {isa = PBXBuildFile; fileRef = D1F555BC2791CA130005555A /* FirebaseService.swift */; };
		D1F555BF2791CA350005555A /* UserDetails.swift in Sources */ = {isa = PBXBuildFile; fileRef = D1F555BE2791CA350005555A /* UserDetails.swift */; };
		D1F555C12791CE9E0005555A /* DataManager.swift in Sources */ = {isa = PBXBuildFile; fileRef = D1F555C02791CE9E0005555A /* DataManager.swift */; };
		D1F555C32791DAEC0005555A /* MotherView.swift in Sources */ = {isa = PBXBuildFile; fileRef = D1F555C22791DAEB0005555A /* MotherView.swift */; };
		D1F555C52791DECE0005555A /* RegisterViewModel.swift in Sources */ = {isa = PBXBuildFile; fileRef = D1F555C42791DECE0005555A /* RegisterViewModel.swift */; };
		D1F555C72791EF7E0005555A /* View Extension.swift in Sources */ = {isa = PBXBuildFile; fileRef = D1F555C62791EF7D0005555A /* View Extension.swift */; };
		D1F555C92791F4460005555A /* LogoutViewModel.swift in Sources */ = {isa = PBXBuildFile; fileRef = D1F555C82791F4450005555A /* LogoutViewModel.swift */; };
/* End PBXBuildFile section */

/* Begin PBXFileReference section */
		D14B897227902C75005FC4F0 /* Next Gaymer.app */ = {isa = PBXFileReference; explicitFileType = wrapper.application; includeInIndex = 0; path = "Next Gaymer.app"; sourceTree = BUILT_PRODUCTS_DIR; };
		D14B897527902C75005FC4F0 /* Next_GaymerApp.swift */ = {isa = PBXFileReference; lastKnownFileType = sourcecode.swift; path = Next_GaymerApp.swift; sourceTree = "<group>"; };
		D14B897727902C75005FC4F0 /* HomepageView.swift */ = {isa = PBXFileReference; lastKnownFileType = sourcecode.swift; path = HomepageView.swift; sourceTree = "<group>"; };
		D14B897927902C76005FC4F0 /* Assets.xcassets */ = {isa = PBXFileReference; lastKnownFileType = folder.assetcatalog; path = Assets.xcassets; sourceTree = "<group>"; };
		D14B897C27902C76005FC4F0 /* Preview Assets.xcassets */ = {isa = PBXFileReference; lastKnownFileType = folder.assetcatalog; path = "Preview Assets.xcassets"; sourceTree = "<group>"; };
		D14B898B2790307F005FC4F0 /* RegisterView.swift */ = {isa = PBXFileReference; lastKnownFileType = sourcecode.swift; path = RegisterView.swift; sourceTree = "<group>"; };
		D14B898D2790308A005FC4F0 /* LoginView.swift */ = {isa = PBXFileReference; lastKnownFileType = sourcecode.swift; path = LoginView.swift; sourceTree = "<group>"; };
		D14B898F279032AF005FC4F0 /* ViewRouter.swift */ = {isa = PBXFileReference; lastKnownFileType = sourcecode.swift; path = ViewRouter.swift; sourceTree = "<group>"; };
		D17C1A442790C64B00EF0633 /* GoogleService-Info.plist */ = {isa = PBXFileReference; lastKnownFileType = text.plist; path = "GoogleService-Info.plist"; sourceTree = SOURCE_ROOT; };
		D1B3DB2E279214780075A0F7 /* ResetPasswordViewModel.swift */ = {isa = PBXFileReference; lastKnownFileType = sourcecode.swift; path = ResetPasswordViewModel.swift; sourceTree = "<group>"; };
		D1B3DB30279216F20075A0F7 /* ResetPasswordView.swift */ = {isa = PBXFileReference; lastKnownFileType = sourcecode.swift; path = ResetPasswordView.swift; sourceTree = "<group>"; };
		D1B3DB3227921DFF0075A0F7 /* EmailView.swift */ = {isa = PBXFileReference; lastKnownFileType = sourcecode.swift; path = EmailView.swift; sourceTree = "<group>"; };
		D1B3DB34279225630075A0F7 /* RealTimeMessagingView.swift */ = {isa = PBXFileReference; lastKnownFileType = sourcecode.swift; path = RealTimeMessagingView.swift; sourceTree = "<group>"; };
		D1BF606827906DA300F22AAF /* RegisterCredentials.swift */ = {isa = PBXFileReference; lastKnownFileType = sourcecode.swift; path = RegisterCredentials.swift; sourceTree = "<group>"; };
		D1BF606A279071A900F22AAF /* LogoView.swift */ = {isa = PBXFileReference; lastKnownFileType = sourcecode.swift; path = LogoView.swift; sourceTree = "<group>"; };
		D1BF606C2790786B00F22AAF /* LoginCredentials.swift */ = {isa = PBXFileReference; lastKnownFileType = sourcecode.swift; path = LoginCredentials.swift; sourceTree = "<group>"; };
		D1BF606E27908A7100F22AAF /* ButtonTextView.swift */ = {isa = PBXFileReference; lastKnownFileType = sourcecode.swift; path = ButtonTextView.swift; sourceTree = "<group>"; };
		D1BF607A2790A2B700F22AAF /* Next-Gaymer-Info.plist */ = {isa = PBXFileReference; lastKnownFileType = text.plist; path = "Next-Gaymer-Info.plist"; sourceTree = SOURCE_ROOT; };
		D1BF607C2790BE8D00F22AAF /* LoginViewModel.swift */ = {isa = PBXFileReference; lastKnownFileType = sourcecode.swift; path = LoginViewModel.swift; sourceTree = "<group>"; };
		D1F555BC2791CA130005555A /* FirebaseService.swift */ = {isa = PBXFileReference; lastKnownFileType = sourcecode.swift; path = FirebaseService.swift; sourceTree = "<group>"; };
		D1F555BE2791CA350005555A /* UserDetails.swift */ = {isa = PBXFileReference; lastKnownFileType = sourcecode.swift; path = UserDetails.swift; sourceTree = "<group>"; };
		D1F555C02791CE9E0005555A /* DataManager.swift */ = {isa = PBXFileReference; lastKnownFileType = sourcecode.swift; path = DataManager.swift; sourceTree = "<group>"; };
		D1F555C22791DAEB0005555A /* MotherView.swift */ = {isa = PBXFileReference; lastKnownFileType = sourcecode.swift; path = MotherView.swift; sourceTree = "<group>"; };
		D1F555C42791DECE0005555A /* RegisterViewModel.swift */ = {isa = PBXFileReference; lastKnownFileType = sourcecode.swift; path = RegisterViewModel.swift; sourceTree = "<group>"; };
		D1F555C62791EF7D0005555A /* View Extension.swift */ = {isa = PBXFileReference; lastKnownFileType = sourcecode.swift; path = "View Extension.swift"; sourceTree = "<group>"; };
		D1F555C82791F4450005555A /* LogoutViewModel.swift */ = {isa = PBXFileReference; lastKnownFileType = sourcecode.swift; path = LogoutViewModel.swift; sourceTree = "<group>"; };
/* End PBXFileReference section */

/* Begin PBXFrameworksBuildPhase section */
		D14B896F27902C75005FC4F0 /* Frameworks */ = {
			isa = PBXFrameworksBuildPhase;
			buildActionMask = 2147483647;
			files = (
				D14B898527902DF8005FC4F0 /* FirebaseAuth in Frameworks */,
				D14E7ABC279230B800AC6EB0 /* FirebaseFirestoreSwift-Beta in Frameworks */,
				D1BF60762790A19A00F22AAF /* GoogleSignIn in Frameworks */,
				D14E7ABA279230B000AC6EB0 /* FirebaseFirestore in Frameworks */,
			);
			runOnlyForDeploymentPostprocessing = 0;
		};
/* End PBXFrameworksBuildPhase section */

/* Begin PBXGroup section */
		D14B896927902C75005FC4F0 = {
			isa = PBXGroup;
			children = (
				D14B897427902C75005FC4F0 /* Next Gaymer */,
				D14B897327902C75005FC4F0 /* Products */,
				D1BF60772790A1CC00F22AAF /* Frameworks */,
			);
			sourceTree = "<group>";
		};
		D14B897327902C75005FC4F0 /* Products */ = {
			isa = PBXGroup;
			children = (
				D14B897227902C75005FC4F0 /* Next Gaymer.app */,
			);
			name = Products;
			sourceTree = "<group>";
		};
		D14B897427902C75005FC4F0 /* Next Gaymer */ = {
			isa = PBXGroup;
			children = (
				D1BF607A2790A2B700F22AAF /* Next-Gaymer-Info.plist */,
				D17C1A442790C64B00EF0633 /* GoogleService-Info.plist */,
				D14B897927902C76005FC4F0 /* Assets.xcassets */,
				D14B897527902C75005FC4F0 /* Next_GaymerApp.swift */,
				D1F555BB2791C9E00005555A /* Model */,
				D1BF607B2790BE5200F22AAF /* ViewModel */,
				D14B898A2790306C005FC4F0 /* View */,
				D14B897B27902C76005FC4F0 /* Preview Content */,
			);
			path = "Next Gaymer";
			sourceTree = "<group>";
		};
		D14B897B27902C76005FC4F0 /* Preview Content */ = {
			isa = PBXGroup;
			children = (
				D14B897C27902C76005FC4F0 /* Preview Assets.xcassets */,
			);
			path = "Preview Content";
			sourceTree = "<group>";
		};
		D14B898A2790306C005FC4F0 /* View */ = {
			isa = PBXGroup;
			children = (
				D1BF606727906D7200F22AAF /* Views Component */,
				D1F555C22791DAEB0005555A /* MotherView.swift */,
				D14B898D2790308A005FC4F0 /* LoginView.swift */,
				D14B898B2790307F005FC4F0 /* RegisterView.swift */,
				D14B897727902C75005FC4F0 /* HomepageView.swift */,
				D1B3DB30279216F20075A0F7 /* ResetPasswordView.swift */,
				D1B3DB34279225630075A0F7 /* RealTimeMessagingView.swift */,
			);
			path = View;
			sourceTree = "<group>";
		};
		D1BF606727906D7200F22AAF /* Views Component */ = {
			isa = PBXGroup;
			children = (
				D1BF606827906DA300F22AAF /* RegisterCredentials.swift */,
				D1BF606C2790786B00F22AAF /* LoginCredentials.swift */,
				D1B3DB3227921DFF0075A0F7 /* EmailView.swift */,
				D1BF606A279071A900F22AAF /* LogoView.swift */,
				D1BF606E27908A7100F22AAF /* ButtonTextView.swift */,
			);
			path = "Views Component";
			sourceTree = "<group>";
		};
		D1BF60772790A1CC00F22AAF /* Frameworks */ = {
			isa = PBXGroup;
			children = (
			);
			name = Frameworks;
			sourceTree = "<group>";
		};
		D1BF607B2790BE5200F22AAF /* ViewModel */ = {
			isa = PBXGroup;
			children = (
				D1BF607C2790BE8D00F22AAF /* LoginViewModel.swift */,
				D1B3DB2E279214780075A0F7 /* ResetPasswordViewModel.swift */,
				D1F555C42791DECE0005555A /* RegisterViewModel.swift */,
				D1F555C82791F4450005555A /* LogoutViewModel.swift */,
				D14B898F279032AF005FC4F0 /* ViewRouter.swift */,
			);
			path = ViewModel;
			sourceTree = "<group>";
		};
		D1F555BB2791C9E00005555A /* Model */ = {
			isa = PBXGroup;
			children = (
				D1F555C62791EF7D0005555A /* View Extension.swift */,
				D1F555BC2791CA130005555A /* FirebaseService.swift */,
				D1F555BE2791CA350005555A /* UserDetails.swift */,
				D1F555C02791CE9E0005555A /* DataManager.swift */,
			);
			path = Model;
			sourceTree = "<group>";
		};
/* End PBXGroup section */

/* Begin PBXNativeTarget section */
		D14B897127902C75005FC4F0 /* Next Gaymer */ = {
			isa = PBXNativeTarget;
			buildConfigurationList = D14B898027902C76005FC4F0 /* Build configuration list for PBXNativeTarget "Next Gaymer" */;
			buildPhases = (
				D14B896E27902C75005FC4F0 /* Sources */,
				D14B896F27902C75005FC4F0 /* Frameworks */,
				D14B897027902C75005FC4F0 /* Resources */,
			);
			buildRules = (
			);
			dependencies = (
			);
			name = "Next Gaymer";
			packageProductDependencies = (
				D14B898427902DF8005FC4F0 /* FirebaseAuth */,
				D1BF60752790A19A00F22AAF /* GoogleSignIn */,
				D14E7AB9279230B000AC6EB0 /* FirebaseFirestore */,
				D14E7ABB279230B800AC6EB0 /* FirebaseFirestoreSwift-Beta */,
			);
			productName = "Next Gaymer";
			productReference = D14B897227902C75005FC4F0 /* Next Gaymer.app */;
			productType = "com.apple.product-type.application";
		};
/* End PBXNativeTarget section */

/* Begin PBXProject section */
		D14B896A27902C75005FC4F0 /* Project object */ = {
			isa = PBXProject;
			attributes = {
				BuildIndependentTargetsInParallel = 1;
				LastSwiftUpdateCheck = 1320;
				LastUpgradeCheck = 1320;
				TargetAttributes = {
					D14B897127902C75005FC4F0 = {
						CreatedOnToolsVersion = 13.2.1;
					};
				};
			};
			buildConfigurationList = D14B896D27902C75005FC4F0 /* Build configuration list for PBXProject "Next Gaymer" */;
			compatibilityVersion = "Xcode 13.0";
			developmentRegion = en;
			hasScannedForEncodings = 0;
			knownRegions = (
				en,
				Base,
			);
			mainGroup = D14B896927902C75005FC4F0;
			packageReferences = (
				D14B898327902DF8005FC4F0 /* XCRemoteSwiftPackageReference "firebase-ios-sdk" */,
				D1BF60742790A19900F22AAF /* XCRemoteSwiftPackageReference "GoogleSignIn-iOS" */,
			);
			productRefGroup = D14B897327902C75005FC4F0 /* Products */;
			projectDirPath = "";
			projectRoot = "";
			targets = (
				D14B897127902C75005FC4F0 /* Next Gaymer */,
			);
		};
/* End PBXProject section */

/* Begin PBXResourcesBuildPhase section */
		D14B897027902C75005FC4F0 /* Resources */ = {
			isa = PBXResourcesBuildPhase;
			buildActionMask = 2147483647;
			files = (
				D14B897D27902C76005FC4F0 /* Preview Assets.xcassets in Resources */,
				D14B897A27902C76005FC4F0 /* Assets.xcassets in Resources */,
				D17C1A452790C64C00EF0633 /* GoogleService-Info.plist in Resources */,
			);
			runOnlyForDeploymentPostprocessing = 0;
		};
/* End PBXResourcesBuildPhase section */

/* Begin PBXSourcesBuildPhase section */
		D14B896E27902C75005FC4F0 /* Sources */ = {
			isa = PBXSourcesBuildPhase;
			buildActionMask = 2147483647;
			files = (
				D14B8990279032AF005FC4F0 /* ViewRouter.swift in Sources */,
				D1F555C52791DECE0005555A /* RegisterViewModel.swift in Sources */,
				D1BF606D2790786B00F22AAF /* LoginCredentials.swift in Sources */,
				D14B897827902C75005FC4F0 /* HomepageView.swift in Sources */,
				D1F555C12791CE9E0005555A /* DataManager.swift in Sources */,
				D1F555C32791DAEC0005555A /* MotherView.swift in Sources */,
				D1F555BF2791CA350005555A /* UserDetails.swift in Sources */,
				D1F555C72791EF7E0005555A /* View Extension.swift in Sources */,
				D1F555C92791F4460005555A /* LogoutViewModel.swift in Sources */,
				D1B3DB3327921DFF0075A0F7 /* EmailView.swift in Sources */,
				D1B3DB35279225630075A0F7 /* RealTimeMessagingView.swift in Sources */,
				D14B898C2790307F005FC4F0 /* RegisterView.swift in Sources */,
				D1BF606927906DA300F22AAF /* RegisterCredentials.swift in Sources */,
				D1B3DB2F279214790075A0F7 /* ResetPasswordViewModel.swift in Sources */,
				D1F555BD2791CA130005555A /* FirebaseService.swift in Sources */,
				D1BF607D2790BE8E00F22AAF /* LoginViewModel.swift in Sources */,
				D1B3DB31279216F20075A0F7 /* ResetPasswordView.swift in Sources */,
				D1BF606B279071AA00F22AAF /* LogoView.swift in Sources */,
				D14B898E2790308A005FC4F0 /* LoginView.swift in Sources */,
				D14B897627902C75005FC4F0 /* Next_GaymerApp.swift in Sources */,
				D1BF606F27908A7100F22AAF /* ButtonTextView.swift in Sources */,
			);
			runOnlyForDeploymentPostprocessing = 0;
		};
/* End PBXSourcesBuildPhase section */

/* Begin XCBuildConfiguration section */
		D14B897E27902C76005FC4F0 /* Debug */ = {
			isa = XCBuildConfiguration;
			buildSettings = {
				ALWAYS_SEARCH_USER_PATHS = NO;
				CLANG_ANALYZER_NONNULL = YES;
				CLANG_ANALYZER_NUMBER_OBJECT_CONVERSION = YES_AGGRESSIVE;
				CLANG_CXX_LANGUAGE_STANDARD = "gnu++17";
				CLANG_CXX_LIBRARY = "libc++";
				CLANG_ENABLE_MODULES = YES;
				CLANG_ENABLE_OBJC_ARC = YES;
				CLANG_ENABLE_OBJC_WEAK = YES;
				CLANG_WARN_BLOCK_CAPTURE_AUTORELEASING = YES;
				CLANG_WARN_BOOL_CONVERSION = YES;
				CLANG_WARN_COMMA = YES;
				CLANG_WARN_CONSTANT_CONVERSION = YES;
				CLANG_WARN_DEPRECATED_OBJC_IMPLEMENTATIONS = YES;
				CLANG_WARN_DIRECT_OBJC_ISA_USAGE = YES_ERROR;
				CLANG_WARN_DOCUMENTATION_COMMENTS = YES;
				CLANG_WARN_EMPTY_BODY = YES;
				CLANG_WARN_ENUM_CONVERSION = YES;
				CLANG_WARN_INFINITE_RECURSION = YES;
				CLANG_WARN_INT_CONVERSION = YES;
				CLANG_WARN_NON_LITERAL_NULL_CONVERSION = YES;
				CLANG_WARN_OBJC_IMPLICIT_RETAIN_SELF = YES;
				CLANG_WARN_OBJC_LITERAL_CONVERSION = YES;
				CLANG_WARN_OBJC_ROOT_CLASS = YES_ERROR;
				CLANG_WARN_QUOTED_INCLUDE_IN_FRAMEWORK_HEADER = YES;
				CLANG_WARN_RANGE_LOOP_ANALYSIS = YES;
				CLANG_WARN_STRICT_PROTOTYPES = YES;
				CLANG_WARN_SUSPICIOUS_MOVE = YES;
				CLANG_WARN_UNGUARDED_AVAILABILITY = YES_AGGRESSIVE;
				CLANG_WARN_UNREACHABLE_CODE = YES;
				CLANG_WARN__DUPLICATE_METHOD_MATCH = YES;
				COPY_PHASE_STRIP = NO;
				DEBUG_INFORMATION_FORMAT = dwarf;
				ENABLE_STRICT_OBJC_MSGSEND = YES;
				ENABLE_TESTABILITY = YES;
				GCC_C_LANGUAGE_STANDARD = gnu11;
				GCC_DYNAMIC_NO_PIC = NO;
				GCC_NO_COMMON_BLOCKS = YES;
				GCC_OPTIMIZATION_LEVEL = 0;
				GCC_PREPROCESSOR_DEFINITIONS = (
					"DEBUG=1",
					"$(inherited)",
				);
				GCC_WARN_64_TO_32_BIT_CONVERSION = YES;
				GCC_WARN_ABOUT_RETURN_TYPE = YES_ERROR;
				GCC_WARN_UNDECLARED_SELECTOR = YES;
				GCC_WARN_UNINITIALIZED_AUTOS = YES_AGGRESSIVE;
				GCC_WARN_UNUSED_FUNCTION = YES;
				GCC_WARN_UNUSED_VARIABLE = YES;
				IPHONEOS_DEPLOYMENT_TARGET = 15.2;
				MTL_ENABLE_DEBUG_INFO = INCLUDE_SOURCE;
				MTL_FAST_MATH = YES;
				ONLY_ACTIVE_ARCH = YES;
				SDKROOT = iphoneos;
				SWIFT_ACTIVE_COMPILATION_CONDITIONS = DEBUG;
				SWIFT_OPTIMIZATION_LEVEL = "-Onone";
			};
			name = Debug;
		};
		D14B897F27902C76005FC4F0 /* Release */ = {
			isa = XCBuildConfiguration;
			buildSettings = {
				ALWAYS_SEARCH_USER_PATHS = NO;
				CLANG_ANALYZER_NONNULL = YES;
				CLANG_ANALYZER_NUMBER_OBJECT_CONVERSION = YES_AGGRESSIVE;
				CLANG_CXX_LANGUAGE_STANDARD = "gnu++17";
				CLANG_CXX_LIBRARY = "libc++";
				CLANG_ENABLE_MODULES = YES;
				CLANG_ENABLE_OBJC_ARC = YES;
				CLANG_ENABLE_OBJC_WEAK = YES;
				CLANG_WARN_BLOCK_CAPTURE_AUTORELEASING = YES;
				CLANG_WARN_BOOL_CONVERSION = YES;
				CLANG_WARN_COMMA = YES;
				CLANG_WARN_CONSTANT_CONVERSION = YES;
				CLANG_WARN_DEPRECATED_OBJC_IMPLEMENTATIONS = YES;
				CLANG_WARN_DIRECT_OBJC_ISA_USAGE = YES_ERROR;
				CLANG_WARN_DOCUMENTATION_COMMENTS = YES;
				CLANG_WARN_EMPTY_BODY = YES;
				CLANG_WARN_ENUM_CONVERSION = YES;
				CLANG_WARN_INFINITE_RECURSION = YES;
				CLANG_WARN_INT_CONVERSION = YES;
				CLANG_WARN_NON_LITERAL_NULL_CONVERSION = YES;
				CLANG_WARN_OBJC_IMPLICIT_RETAIN_SELF = YES;
				CLANG_WARN_OBJC_LITERAL_CONVERSION = YES;
				CLANG_WARN_OBJC_ROOT_CLASS = YES_ERROR;
				CLANG_WARN_QUOTED_INCLUDE_IN_FRAMEWORK_HEADER = YES;
				CLANG_WARN_RANGE_LOOP_ANALYSIS = YES;
				CLANG_WARN_STRICT_PROTOTYPES = YES;
				CLANG_WARN_SUSPICIOUS_MOVE = YES;
				CLANG_WARN_UNGUARDED_AVAILABILITY = YES_AGGRESSIVE;
				CLANG_WARN_UNREACHABLE_CODE = YES;
				CLANG_WARN__DUPLICATE_METHOD_MATCH = YES;
				COPY_PHASE_STRIP = NO;
				DEBUG_INFORMATION_FORMAT = "dwarf-with-dsym";
				ENABLE_NS_ASSERTIONS = NO;
				ENABLE_STRICT_OBJC_MSGSEND = YES;
				GCC_C_LANGUAGE_STANDARD = gnu11;
				GCC_NO_COMMON_BLOCKS = YES;
				GCC_WARN_64_TO_32_BIT_CONVERSION = YES;
				GCC_WARN_ABOUT_RETURN_TYPE = YES_ERROR;
				GCC_WARN_UNDECLARED_SELECTOR = YES;
				GCC_WARN_UNINITIALIZED_AUTOS = YES_AGGRESSIVE;
				GCC_WARN_UNUSED_FUNCTION = YES;
				GCC_WARN_UNUSED_VARIABLE = YES;
				IPHONEOS_DEPLOYMENT_TARGET = 15.2;
				MTL_ENABLE_DEBUG_INFO = NO;
				MTL_FAST_MATH = YES;
				SDKROOT = iphoneos;
				SWIFT_COMPILATION_MODE = wholemodule;
				SWIFT_OPTIMIZATION_LEVEL = "-O";
				VALIDATE_PRODUCT = YES;
			};
			name = Release;
		};
		D14B898127902C76005FC4F0 /* Debug */ = {
			isa = XCBuildConfiguration;
			buildSettings = {
				ASSETCATALOG_COMPILER_APPICON_NAME = AppIcon;
				ASSETCATALOG_COMPILER_GLOBAL_ACCENT_COLOR_NAME = AccentColor;
				CODE_SIGN_STYLE = Automatic;
				CURRENT_PROJECT_VERSION = 1;
				DEVELOPMENT_ASSET_PATHS = "\"Next Gaymer/Preview Content\"";
				DEVELOPMENT_TEAM = 4M5FSWV6LJ;
				ENABLE_PREVIEWS = YES;
				GENERATE_INFOPLIST_FILE = YES;
				INFOPLIST_FILE = "Next-Gaymer-Info.plist";
				INFOPLIST_KEY_NSFaceIDUsageDescription = "";
				INFOPLIST_KEY_UIApplicationSceneManifest_Generation = YES;
				INFOPLIST_KEY_UIApplicationSupportsIndirectInputEvents = YES;
				INFOPLIST_KEY_UILaunchScreen_Generation = YES;
				INFOPLIST_KEY_UISupportedInterfaceOrientations = UIInterfaceOrientationPortrait;
				INFOPLIST_KEY_UISupportedInterfaceOrientations_iPad = "UIInterfaceOrientationPortrait UIInterfaceOrientationPortraitUpsideDown UIInterfaceOrientationLandscapeLeft UIInterfaceOrientationLandscapeRight";
				INFOPLIST_KEY_UISupportedInterfaceOrientations_iPhone = "UIInterfaceOrientationPortrait UIInterfaceOrientationLandscapeLeft UIInterfaceOrientationLandscapeRight";
				LD_RUNPATH_SEARCH_PATHS = (
					"$(inherited)",
					"@executable_path/Frameworks",
				);
				MARKETING_VERSION = 1.0;
				PRODUCT_BUNDLE_IDENTIFIER = "com.fabienstg.Next-Gaymer";
				PRODUCT_NAME = "$(TARGET_NAME)";
				SWIFT_EMIT_LOC_STRINGS = YES;
				SWIFT_VERSION = 5.0;
				TARGETED_DEVICE_FAMILY = 1;
			};
			name = Debug;
		};
		D14B898227902C76005FC4F0 /* Release */ = {
			isa = XCBuildConfiguration;
			buildSettings = {
				ASSETCATALOG_COMPILER_APPICON_NAME = AppIcon;
				ASSETCATALOG_COMPILER_GLOBAL_ACCENT_COLOR_NAME = AccentColor;
				CODE_SIGN_STYLE = Automatic;
				CURRENT_PROJECT_VERSION = 1;
				DEVELOPMENT_ASSET_PATHS = "\"Next Gaymer/Preview Content\"";
				DEVELOPMENT_TEAM = 4M5FSWV6LJ;
				ENABLE_PREVIEWS = YES;
				GENERATE_INFOPLIST_FILE = YES;
				INFOPLIST_FILE = "Next-Gaymer-Info.plist";
				INFOPLIST_KEY_NSFaceIDUsageDescription = "";
				INFOPLIST_KEY_UIApplicationSceneManifest_Generation = YES;
				INFOPLIST_KEY_UIApplicationSupportsIndirectInputEvents = YES;
				INFOPLIST_KEY_UILaunchScreen_Generation = YES;
				INFOPLIST_KEY_UISupportedInterfaceOrientations = UIInterfaceOrientationPortrait;
				INFOPLIST_KEY_UISupportedInterfaceOrientations_iPad = "UIInterfaceOrientationPortrait UIInterfaceOrientationPortraitUpsideDown UIInterfaceOrientationLandscapeLeft UIInterfaceOrientationLandscapeRight";
				INFOPLIST_KEY_UISupportedInterfaceOrientations_iPhone = "UIInterfaceOrientationPortrait UIInterfaceOrientationLandscapeLeft UIInterfaceOrientationLandscapeRight";
				LD_RUNPATH_SEARCH_PATHS = (
					"$(inherited)",
					"@executable_path/Frameworks",
				);
				MARKETING_VERSION = 1.0;
				PRODUCT_BUNDLE_IDENTIFIER = "com.fabienstg.Next-Gaymer";
				PRODUCT_NAME = "$(TARGET_NAME)";
				SWIFT_EMIT_LOC_STRINGS = YES;
				SWIFT_VERSION = 5.0;
				TARGETED_DEVICE_FAMILY = 1;
			};
			name = Release;
		};
/* End XCBuildConfiguration section */

/* Begin XCConfigurationList section */
		D14B896D27902C75005FC4F0 /* Build configuration list for PBXProject "Next Gaymer" */ = {
			isa = XCConfigurationList;
			buildConfigurations = (
				D14B897E27902C76005FC4F0 /* Debug */,
				D14B897F27902C76005FC4F0 /* Release */,
			);
			defaultConfigurationIsVisible = 0;
			defaultConfigurationName = Release;
		};
		D14B898027902C76005FC4F0 /* Build configuration list for PBXNativeTarget "Next Gaymer" */ = {
			isa = XCConfigurationList;
			buildConfigurations = (
				D14B898127902C76005FC4F0 /* Debug */,
				D14B898227902C76005FC4F0 /* Release */,
			);
			defaultConfigurationIsVisible = 0;
			defaultConfigurationName = Release;
		};
/* End XCConfigurationList section */

/* Begin XCRemoteSwiftPackageReference section */
		D14B898327902DF8005FC4F0 /* XCRemoteSwiftPackageReference "firebase-ios-sdk" */ = {
			isa = XCRemoteSwiftPackageReference;
			repositoryURL = "https://github.com/firebase/firebase-ios-sdk";
			requirement = {
				kind = exactVersion;
				version = 8.9.1;
			};
		};
		D1BF60742790A19900F22AAF /* XCRemoteSwiftPackageReference "GoogleSignIn-iOS" */ = {
			isa = XCRemoteSwiftPackageReference;
			repositoryURL = "https://github.com/google/GoogleSignIn-iOS.git";
			requirement = {
				kind = upToNextMajorVersion;
				minimumVersion = 6.0.0;
			};
		};
/* End XCRemoteSwiftPackageReference section */

/* Begin XCSwiftPackageProductDependency section */
		D14B898427902DF8005FC4F0 /* FirebaseAuth */ = {
			isa = XCSwiftPackageProductDependency;
			package = D14B898327902DF8005FC4F0 /* XCRemoteSwiftPackageReference "firebase-ios-sdk" */;
			productName = FirebaseAuth;
		};
		D14E7AB9279230B000AC6EB0 /* FirebaseFirestore */ = {
			isa = XCSwiftPackageProductDependency;
			package = D14B898327902DF8005FC4F0 /* XCRemoteSwiftPackageReference "firebase-ios-sdk" */;
			productName = FirebaseFirestore;
		};
		D14E7ABB279230B800AC6EB0 /* FirebaseFirestoreSwift-Beta */ = {
			isa = XCSwiftPackageProductDependency;
			package = D14B898327902DF8005FC4F0 /* XCRemoteSwiftPackageReference "firebase-ios-sdk" */;
			productName = "FirebaseFirestoreSwift-Beta";
		};
		D1BF60752790A19A00F22AAF /* GoogleSignIn */ = {
			isa = XCSwiftPackageProductDependency;
			package = D1BF60742790A19900F22AAF /* XCRemoteSwiftPackageReference "GoogleSignIn-iOS" */;
			productName = GoogleSignIn;
		};
/* End XCSwiftPackageProductDependency section */
	};
	rootObject = D14B896A27902C75005FC4F0 /* Project object */;
}
